// !$*UTF8*$!
{
	archiveVersion = 1;
	classes = {
	};
	objectVersion = 46;
	objects = {

/* Begin PBXBuildFile section */
		283F58A81512EE79001D0576 /* MovieDetailsViewController.m in Sources */ = {isa = PBXBuildFile; fileRef = 283F58A71512EE79001D0576 /* MovieDetailsViewController.m */; };
		283F58AB1512F272001D0576 /* MovieDetailsView.xib in Resources */ = {isa = PBXBuildFile; fileRef = 283F58AA1512F272001D0576 /* MovieDetailsView.xib */; };
		283F58AE15136CD2001D0576 /* LineViewController.m in Sources */ = {isa = PBXBuildFile; fileRef = 283F58AD15136CD2001D0576 /* LineViewController.m */; };
		283F58B115137707001D0576 /* ActorsViewController.m in Sources */ = {isa = PBXBuildFile; fileRef = 283F58B015137707001D0576 /* ActorsViewController.m */; };
		283F58B31513822B001D0576 /* Perfil User-03@2x.png in Resources */ = {isa = PBXBuildFile; fileRef = 283F58B21513822B001D0576 /* Perfil User-03@2x.png */; };
		283F58B515138233001D0576 /* Perfil User-03.png in Resources */ = {isa = PBXBuildFile; fileRef = 283F58B415138233001D0576 /* Perfil User-03.png */; };
		283F58BD151633B0001D0576 /* Twitter.png in Resources */ = {isa = PBXBuildFile; fileRef = 283F58BB151633B0001D0576 /* Twitter.png */; };
		283F58BE151633B0001D0576 /* Twitter@2x.png in Resources */ = {isa = PBXBuildFile; fileRef = 283F58BC151633B0001D0576 /* Twitter@2x.png */; };
		283F58C015163446001D0576 /* Twitter Icones-02@2x.png in Resources */ = {isa = PBXBuildFile; fileRef = 283F58BF15163446001D0576 /* Twitter Icones-02@2x.png */; };
		283F58C21516344D001D0576 /* Twitter Icones-02.png in Resources */ = {isa = PBXBuildFile; fileRef = 283F58C11516344D001D0576 /* Twitter Icones-02.png */; };
		283F59A1151643A4001D0576 /* Security.framework in Frameworks */ = {isa = PBXBuildFile; fileRef = 283F59A0151643A3001D0576 /* Security.framework */; };
		283F59A3151643AB001D0576 /* MessageUI.framework in Frameworks */ = {isa = PBXBuildFile; fileRef = 283F59A2151643AB001D0576 /* MessageUI.framework */; };
		283F59A6151647B8001D0576 /* Model.xcdatamodeld in Sources */ = {isa = PBXBuildFile; fileRef = 283F59A4151647B8001D0576 /* Model.xcdatamodeld */; };
		283F59B115164BB5001D0576 /* FavoriteListViewController.m in Sources */ = {isa = PBXBuildFile; fileRef = 283F59AF15164BB5001D0576 /* FavoriteListViewController.m */; };
		283F59B5151653B8001D0576 /* FavoriteCellView.xib in Resources */ = {isa = PBXBuildFile; fileRef = 283F59B4151653B8001D0576 /* FavoriteCellView.xib */; };
		283F59B8151654A8001D0576 /* Cross.png in Resources */ = {isa = PBXBuildFile; fileRef = 283F59B6151654A8001D0576 /* Cross.png */; };
		283F59B9151654A8001D0576 /* loading.png in Resources */ = {isa = PBXBuildFile; fileRef = 283F59B7151654A8001D0576 /* loading.png */; };
		283F59BC15165698001D0576 /* FavoriteCellController.m in Sources */ = {isa = PBXBuildFile; fileRef = 283F59BB15165697001D0576 /* FavoriteCellController.m */; };
		283F59C115165B7C001D0576 /* Fresh.png in Resources */ = {isa = PBXBuildFile; fileRef = 283F59BD15165B7C001D0576 /* Fresh.png */; };
		283F59C215165B7C001D0576 /* Fresh@2x.png in Resources */ = {isa = PBXBuildFile; fileRef = 283F59BE15165B7C001D0576 /* Fresh@2x.png */; };
		283F59C315165B7C001D0576 /* Rotten.png in Resources */ = {isa = PBXBuildFile; fileRef = 283F59BF15165B7C001D0576 /* Rotten.png */; };
		283F59C415165B7C001D0576 /* Rotten@2x.png in Resources */ = {isa = PBXBuildFile; fileRef = 283F59C015165B7C001D0576 /* Rotten@2x.png */; };
		283F59C6151660B1001D0576 /* Add.png in Resources */ = {isa = PBXBuildFile; fileRef = 283F59C5151660B1001D0576 /* Add.png */; };
		283F59CC15166498001D0576 /* Favorite.m in Sources */ = {isa = PBXBuildFile; fileRef = 283F59CB15166498001D0576 /* Favorite.m */; };
		283F59CF1516651A001D0576 /* FavoriteModel.m in Sources */ = {isa = PBXBuildFile; fileRef = 283F59CE1516651A001D0576 /* FavoriteModel.m */; };
		283F59D515167D17001D0576 /* Facebook.png in Resources */ = {isa = PBXBuildFile; fileRef = 283F59D315167D17001D0576 /* Facebook.png */; };
		283F59D615167D17001D0576 /* Facebook@2x.png in Resources */ = {isa = PBXBuildFile; fileRef = 283F59D415167D17001D0576 /* Facebook@2x.png */; };
		283F5A021516805D001D0576 /* NSMutableURLRequest+Parameters.m in Sources */ = {isa = PBXBuildFile; fileRef = 283F59DA1516805D001D0576 /* NSMutableURLRequest+Parameters.m */; };
		283F5A031516805D001D0576 /* NSString+URLEncoding.m in Sources */ = {isa = PBXBuildFile; fileRef = 283F59DC1516805D001D0576 /* NSString+URLEncoding.m */; };
		283F5A041516805D001D0576 /* NSURL+Base.m in Sources */ = {isa = PBXBuildFile; fileRef = 283F59DE1516805D001D0576 /* NSURL+Base.m */; };
		283F5A051516805D001D0576 /* Base64Transcoder.c in Sources */ = {isa = PBXBuildFile; fileRef = 283F59E01516805D001D0576 /* Base64Transcoder.c */; };
		283F5A061516805D001D0576 /* hmac.c in Sources */ = {isa = PBXBuildFile; fileRef = 283F59E21516805D001D0576 /* hmac.c */; };
		283F5A071516805D001D0576 /* sha1.c in Sources */ = {isa = PBXBuildFile; fileRef = 283F59E41516805D001D0576 /* sha1.c */; };
		283F5A081516805D001D0576 /* OAAttachment.m in Sources */ = {isa = PBXBuildFile; fileRef = 283F59E71516805D001D0576 /* OAAttachment.m */; };
		283F5A091516805D001D0576 /* OACall.m in Sources */ = {isa = PBXBuildFile; fileRef = 283F59E91516805D001D0576 /* OACall.m */; };
		283F5A0A1516805D001D0576 /* OAConsumer.m in Sources */ = {isa = PBXBuildFile; fileRef = 283F59EB1516805D001D0576 /* OAConsumer.m */; };
		283F5A0B1516805D001D0576 /* OADataFetcher.m in Sources */ = {isa = PBXBuildFile; fileRef = 283F59ED1516805D001D0576 /* OADataFetcher.m */; };
		283F5A0C1516805D001D0576 /* OAHMAC_SHA1SignatureProvider.m in Sources */ = {isa = PBXBuildFile; fileRef = 283F59EF1516805D001D0576 /* OAHMAC_SHA1SignatureProvider.m */; };
		283F5A0D1516805D001D0576 /* OAMutableURLRequest.m in Sources */ = {isa = PBXBuildFile; fileRef = 283F59F11516805D001D0576 /* OAMutableURLRequest.m */; };
		283F5A0E1516805D001D0576 /* OAPlaintextSignatureProvider.m in Sources */ = {isa = PBXBuildFile; fileRef = 283F59F31516805D001D0576 /* OAPlaintextSignatureProvider.m */; };
		283F5A0F1516805D001D0576 /* OAProblem.m in Sources */ = {isa = PBXBuildFile; fileRef = 283F59F51516805D001D0576 /* OAProblem.m */; };
		283F5A101516805D001D0576 /* OARequestParameter.m in Sources */ = {isa = PBXBuildFile; fileRef = 283F59F71516805D001D0576 /* OARequestParameter.m */; };
		283F5A111516805D001D0576 /* OAServiceTicket.m in Sources */ = {isa = PBXBuildFile; fileRef = 283F59F91516805D001D0576 /* OAServiceTicket.m */; };
		283F5A121516805D001D0576 /* OATestServer.rb in Resources */ = {isa = PBXBuildFile; fileRef = 283F59FB1516805D001D0576 /* OATestServer.rb */; };
		283F5A131516805D001D0576 /* OAToken.m in Sources */ = {isa = PBXBuildFile; fileRef = 283F59FD1516805D001D0576 /* OAToken.m */; };
		283F5A141516805D001D0576 /* OATokenManager.m in Sources */ = {isa = PBXBuildFile; fileRef = 283F59FF1516805D001D0576 /* OATokenManager.m */; };
		283F5A151516805D001D0576 /* README in Resources */ = {isa = PBXBuildFile; fileRef = 283F5A011516805D001D0576 /* README */; };
		283F5A22151680BC001D0576 /* FacebookAccessor.m in Sources */ = {isa = PBXBuildFile; fileRef = 283F5A19151680BC001D0576 /* FacebookAccessor.m */; };
		283F5A31151680D7001D0576 /* TwitterAccessor.m in Sources */ = {isa = PBXBuildFile; fileRef = 283F5A2A151680D7001D0576 /* TwitterAccessor.m */; };
		283F5A33151680D7001D0576 /* TwitterAuthViewController.m in Sources */ = {isa = PBXBuildFile; fileRef = 283F5A2D151680D7001D0576 /* TwitterAuthViewController.m */; };
		283F5A3715168253001D0576 /* UIAlertView+UIAlertView_Helper.m in Sources */ = {isa = PBXBuildFile; fileRef = 283F5A3615168253001D0576 /* UIAlertView+UIAlertView_Helper.m */; };
		283F5A4A1516831E001D0576 /* Facebook.m in Sources */ = {isa = PBXBuildFile; fileRef = 283F5A401516831E001D0576 /* Facebook.m */; };
		283F5A4B1516831E001D0576 /* FBDialog.bundle in Resources */ = {isa = PBXBuildFile; fileRef = 283F5A421516831E001D0576 /* FBDialog.bundle */; };
		283F5A4C1516831E001D0576 /* FBDialog.m in Sources */ = {isa = PBXBuildFile; fileRef = 283F5A441516831E001D0576 /* FBDialog.m */; };
		283F5A4D1516831E001D0576 /* FBLoginDialog.m in Sources */ = {isa = PBXBuildFile; fileRef = 283F5A461516831E001D0576 /* FBLoginDialog.m */; };
		283F5A4E1516831E001D0576 /* FBRequest.m in Sources */ = {isa = PBXBuildFile; fileRef = 283F5A481516831E001D0576 /* FBRequest.m */; };
		283F5A4F15168562001D0576 /* UIAlertView+UIAlertView_Helper.m in Sources */ = {isa = PBXBuildFile; fileRef = 283F5A3615168253001D0576 /* UIAlertView+UIAlertView_Helper.m */; };
		283F5A5015168562001D0576 /* TwitterAccessor.m in Sources */ = {isa = PBXBuildFile; fileRef = 283F5A2A151680D7001D0576 /* TwitterAccessor.m */; };
		283F5A5115168562001D0576 /* TwitterAuthViewController.m in Sources */ = {isa = PBXBuildFile; fileRef = 283F5A2D151680D7001D0576 /* TwitterAuthViewController.m */; };
		283F5A521516857E001D0576 /* Facebook.m in Sources */ = {isa = PBXBuildFile; fileRef = 283F5A401516831E001D0576 /* Facebook.m */; };
		283F5A531516857E001D0576 /* FBDialog.m in Sources */ = {isa = PBXBuildFile; fileRef = 283F5A441516831E001D0576 /* FBDialog.m */; };
		283F5A541516857E001D0576 /* FBLoginDialog.m in Sources */ = {isa = PBXBuildFile; fileRef = 283F5A461516831E001D0576 /* FBLoginDialog.m */; };
		283F5A551516857E001D0576 /* FBRequest.m in Sources */ = {isa = PBXBuildFile; fileRef = 283F5A481516831E001D0576 /* FBRequest.m */; };
		283F5A5B15168B4F001D0576 /* TwitterAuthView.xib in Resources */ = {isa = PBXBuildFile; fileRef = 283F5A5A15168B4E001D0576 /* TwitterAuthView.xib */; };
		283F5A5E15168CE5001D0576 /* SocialShareViewController.m in Sources */ = {isa = PBXBuildFile; fileRef = 283F5A5D15168CE4001D0576 /* SocialShareViewController.m */; };
		283F5A6015168E7E001D0576 /* SocialShareViewController.xib in Resources */ = {isa = PBXBuildFile; fileRef = 283F5A5F15168E7D001D0576 /* SocialShareViewController.xib */; };
		283F5A6115169149001D0576 /* SocialShareViewController.m in Sources */ = {isa = PBXBuildFile; fileRef = 283F5A5D15168CE4001D0576 /* SocialShareViewController.m */; };
		283F5A6815169724001D0576 /* FacebookView.xib in Resources */ = {isa = PBXBuildFile; fileRef = 283F5A6715169724001D0576 /* FacebookView.xib */; };
		283F5A6A1516A626001D0576 /* 57.png in Resources */ = {isa = PBXBuildFile; fileRef = 283F5A691516A61E001D0576 /* 57.png */; };
		283F5A6C1516A63B001D0576 /* 114.png in Resources */ = {isa = PBXBuildFile; fileRef = 283F5A6B1516A639001D0576 /* 114.png */; };
		283F5A6E1516C356001D0576 /* Default.png in Resources */ = {isa = PBXBuildFile; fileRef = 283F5A6D1516C350001D0576 /* Default.png */; };
		283F5A701516C369001D0576 /* Default@2x.png in Resources */ = {isa = PBXBuildFile; fileRef = 283F5A6F1516C364001D0576 /* Default@2x.png */; };
		289FE7861511A117008E548B /* UIKit.framework in Frameworks */ = {isa = PBXBuildFile; fileRef = 289FE7851511A117008E548B /* UIKit.framework */; };
		289FE7881511A117008E548B /* Foundation.framework in Frameworks */ = {isa = PBXBuildFile; fileRef = 289FE7871511A117008E548B /* Foundation.framework */; };
		289FE78A1511A117008E548B /* CoreGraphics.framework in Frameworks */ = {isa = PBXBuildFile; fileRef = 289FE7891511A117008E548B /* CoreGraphics.framework */; };
		289FE7901511A117008E548B /* InfoPlist.strings in Resources */ = {isa = PBXBuildFile; fileRef = 289FE78E1511A117008E548B /* InfoPlist.strings */; };
		289FE7921511A117008E548B /* main.m in Sources */ = {isa = PBXBuildFile; fileRef = 289FE7911511A117008E548B /* main.m */; };
		289FE7961511A117008E548B /* AppDelegate.m in Sources */ = {isa = PBXBuildFile; fileRef = 289FE7951511A117008E548B /* AppDelegate.m */; };
		289FE79E1511A117008E548B /* SenTestingKit.framework in Frameworks */ = {isa = PBXBuildFile; fileRef = 289FE79D1511A117008E548B /* SenTestingKit.framework */; };
		289FE79F1511A117008E548B /* UIKit.framework in Frameworks */ = {isa = PBXBuildFile; fileRef = 289FE7851511A117008E548B /* UIKit.framework */; };
		289FE7A01511A117008E548B /* Foundation.framework in Frameworks */ = {isa = PBXBuildFile; fileRef = 289FE7871511A117008E548B /* Foundation.framework */; };
		289FE7A81511A117008E548B /* InfoPlist.strings in Resources */ = {isa = PBXBuildFile; fileRef = 289FE7A61511A117008E548B /* InfoPlist.strings */; };
		289FE7AB1511A117008E548B /* RottenTomatoesInterfaceTests.m in Sources */ = {isa = PBXBuildFile; fileRef = 289FE7AA1511A117008E548B /* RottenTomatoesInterfaceTests.m */; };
		28E2C735151244CB000C87CC /* MovieListView.xib in Resources */ = {isa = PBXBuildFile; fileRef = 28E2C734151244CB000C87CC /* MovieListView.xib */; };
		28E2C7E2151255F0000C87CC /* FavoriteListView.xib in Resources */ = {isa = PBXBuildFile; fileRef = 28E2C7E1151255F0000C87CC /* FavoriteListView.xib */; };
		28E2C7E515125D85000C87CC /* MovieListViewController.m in Sources */ = {isa = PBXBuildFile; fileRef = 28E2C7E415125D85000C87CC /* MovieListViewController.m */; };
		28E2C7E815126283000C87CC /* MovieCellController.m in Sources */ = {isa = PBXBuildFile; fileRef = 28E2C7E715126283000C87CC /* MovieCellController.m */; };
		28E2C7EA15126297000C87CC /* MovieCellView.xib in Resources */ = {isa = PBXBuildFile; fileRef = 28E2C7E915126296000C87CC /* MovieCellView.xib */; };
		28E2C7F015126494000C87CC /* g.png in Resources */ = {isa = PBXBuildFile; fileRef = 28E2C7EB15126494000C87CC /* g.png */; };
		28E2C7F115126494000C87CC /* nc_17.png in Resources */ = {isa = PBXBuildFile; fileRef = 28E2C7EC15126494000C87CC /* nc_17.png */; };
		28E2C7F215126494000C87CC /* pg_13.png in Resources */ = {isa = PBXBuildFile; fileRef = 28E2C7ED15126494000C87CC /* pg_13.png */; };
		28E2C7F315126494000C87CC /* pg.png in Resources */ = {isa = PBXBuildFile; fileRef = 28E2C7EE15126494000C87CC /* pg.png */; };
		28E2C7F415126494000C87CC /* r.png in Resources */ = {isa = PBXBuildFile; fileRef = 28E2C7EF15126494000C87CC /* r.png */; };
		28E2C7FD1512AEBA000C87CC /* arrow.png in Resources */ = {isa = PBXBuildFile; fileRef = 28E2C7FA1512AEBA000C87CC /* arrow.png */; };
		28E2C7FE1512AEBA000C87CC /* PullRefreshTableViewController.m in Sources */ = {isa = PBXBuildFile; fileRef = 28E2C7FC1512AEBA000C87CC /* PullRefreshTableViewController.m */; };
		28E2C8221512AEE5000C87CC /* ActiveRecordHelpers.m in Sources */ = {isa = PBXBuildFile; fileRef = 28E2C8011512AEE5000C87CC /* ActiveRecordHelpers.m */; };
		28E2C8231512AEE5000C87CC /* NSManagedObject+ActiveRecord.m in Sources */ = {isa = PBXBuildFile; fileRef = 28E2C8041512AEE5000C87CC /* NSManagedObject+ActiveRecord.m */; };
		28E2C8241512AEE5000C87CC /* NSManagedObjectContext+ActiveRecord.m in Sources */ = {isa = PBXBuildFile; fileRef = 28E2C8061512AEE5000C87CC /* NSManagedObjectContext+ActiveRecord.m */; };
		28E2C8251512AEE5000C87CC /* NSManagedObjectModel+ActiveRecord.m in Sources */ = {isa = PBXBuildFile; fileRef = 28E2C8081512AEE5000C87CC /* NSManagedObjectModel+ActiveRecord.m */; };
		28E2C8261512AEE5000C87CC /* NSPersistentStore+ActiveRecord.m in Sources */ = {isa = PBXBuildFile; fileRef = 28E2C80A1512AEE5000C87CC /* NSPersistentStore+ActiveRecord.m */; };
		28E2C8271512AEE5000C87CC /* NSPersistentStoreCoordinator+ActiveRecord.m in Sources */ = {isa = PBXBuildFile; fileRef = 28E2C80C1512AEE5000C87CC /* NSPersistentStoreCoordinator+ActiveRecord.m */; };
		28E2C8281512AEE5000C87CC /* LICENSE in Resources */ = {isa = PBXBuildFile; fileRef = 28E2C80E1512AEE5000C87CC /* LICENSE */; };
		28E2C8291512AEE5000C87CC /* README.md in Resources */ = {isa = PBXBuildFile; fileRef = 28E2C80F1512AEE5000C87CC /* README.md */; };
		28E2C82A1512AEE5000C87CC /* SDImageCache.m in Sources */ = {isa = PBXBuildFile; fileRef = 28E2C8111512AEE5000C87CC /* SDImageCache.m */; };
		28E2C82B1512AEE5000C87CC /* SDWebImageDownloader.m in Sources */ = {isa = PBXBuildFile; fileRef = 28E2C8151512AEE5000C87CC /* SDWebImageDownloader.m */; };
		28E2C82C1512AEE5000C87CC /* SDWebImageManager.m in Sources */ = {isa = PBXBuildFile; fileRef = 28E2C8181512AEE5000C87CC /* SDWebImageManager.m */; };
		28E2C82D1512AEE5000C87CC /* UIButton+WebCache.m in Sources */ = {isa = PBXBuildFile; fileRef = 28E2C81B1512AEE5000C87CC /* UIButton+WebCache.m */; };
		28E2C82E1512AEE5000C87CC /* UIImageView+WebCache.m in Sources */ = {isa = PBXBuildFile; fileRef = 28E2C81D1512AEE5000C87CC /* UIImageView+WebCache.m */; };
		28E2C82F1512AEE5000C87CC /* SVProgressHUD.bundle in Resources */ = {isa = PBXBuildFile; fileRef = 28E2C81F1512AEE5000C87CC /* SVProgressHUD.bundle */; };
		28E2C8301512AEE5000C87CC /* SVProgressHUD.m in Sources */ = {isa = PBXBuildFile; fileRef = 28E2C8211512AEE5000C87CC /* SVProgressHUD.m */; };
		28E2C8321512AF17000C87CC /* QuartzCore.framework in Frameworks */ = {isa = PBXBuildFile; fileRef = 28E2C8311512AF17000C87CC /* QuartzCore.framework */; };
		28E2C8341512AF38000C87CC /* CoreData.framework in Frameworks */ = {isa = PBXBuildFile; fileRef = 28E2C8331512AF38000C87CC /* CoreData.framework */; };
		28E2C88C1512B501000C87CC /* ASIAuthenticationDialog.m in Sources */ = {isa = PBXBuildFile; fileRef = 28E2C83B1512B501000C87CC /* ASIAuthenticationDialog.m */; };
		28E2C88D1512B501000C87CC /* ASIDataCompressor.m in Sources */ = {isa = PBXBuildFile; fileRef = 28E2C83E1512B501000C87CC /* ASIDataCompressor.m */; };
		28E2C88E1512B501000C87CC /* ASIDataDecompressor.m in Sources */ = {isa = PBXBuildFile; fileRef = 28E2C8401512B501000C87CC /* ASIDataDecompressor.m */; };
		28E2C88F1512B501000C87CC /* ASIDownloadCache.m in Sources */ = {isa = PBXBuildFile; fileRef = 28E2C8421512B501000C87CC /* ASIDownloadCache.m */; };
		28E2C8901512B501000C87CC /* ASIFormDataRequest.m in Sources */ = {isa = PBXBuildFile; fileRef = 28E2C8441512B501000C87CC /* ASIFormDataRequest.m */; };
		28E2C8911512B501000C87CC /* ASIHTTPRequest.m in Sources */ = {isa = PBXBuildFile; fileRef = 28E2C8461512B501000C87CC /* ASIHTTPRequest.m */; };
		28E2C8921512B501000C87CC /* ASIInputStream.m in Sources */ = {isa = PBXBuildFile; fileRef = 28E2C84A1512B501000C87CC /* ASIInputStream.m */; };
		28E2C8931512B501000C87CC /* ASINetworkQueue.m in Sources */ = {isa = PBXBuildFile; fileRef = 28E2C84C1512B501000C87CC /* ASINetworkQueue.m */; };
		28E2C8941512B501000C87CC /* ASIWebPageRequest.m in Sources */ = {isa = PBXBuildFile; fileRef = 28E2C8501512B501000C87CC /* ASIWebPageRequest.m */; };
		28E2C8B41512B51E000C87CC /* Reachability.m in Sources */ = {isa = PBXBuildFile; fileRef = 28E2C8B31512B51E000C87CC /* Reachability.m */; };
		28E2C8B81512B5B8000C87CC /* CFNetwork.framework in Frameworks */ = {isa = PBXBuildFile; fileRef = 28E2C8B71512B5B8000C87CC /* CFNetwork.framework */; };
		28E2C8BA1512B5C1000C87CC /* SystemConfiguration.framework in Frameworks */ = {isa = PBXBuildFile; fileRef = 28E2C8B91512B5C1000C87CC /* SystemConfiguration.framework */; };
		28E2C8BC1512B5C8000C87CC /* MobileCoreServices.framework in Frameworks */ = {isa = PBXBuildFile; fileRef = 28E2C8BB1512B5C8000C87CC /* MobileCoreServices.framework */; };
		28E2C8BE1512B5EE000C87CC /* libz.dylib in Frameworks */ = {isa = PBXBuildFile; fileRef = 28E2C8BD1512B5ED000C87CC /* libz.dylib */; };
		28E2C8C21512B60A000C87CC /* libxml2.2.7.3.dylib in Frameworks */ = {isa = PBXBuildFile; fileRef = 28E2C8C11512B60A000C87CC /* libxml2.2.7.3.dylib */; };
		28E2C8C41512B681000C87CC /* libxml2.dylib in Frameworks */ = {isa = PBXBuildFile; fileRef = 28E2C8C31512B681000C87CC /* libxml2.dylib */; };
		28E2C8DA1512BAC2000C87CC /* RottenTomatoesInterface.m in Sources */ = {isa = PBXBuildFile; fileRef = 28E2C8D91512BAC2000C87CC /* RottenTomatoesInterface.m */; };
		28E2C8DB1512BAC2000C87CC /* RottenTomatoesInterface.m in Sources */ = {isa = PBXBuildFile; fileRef = 28E2C8D91512BAC2000C87CC /* RottenTomatoesInterface.m */; };
		28E2C8EB1512BB8D000C87CC /* CREDITS in Resources */ = {isa = PBXBuildFile; fileRef = 28E2C8DD1512BB8D000C87CC /* CREDITS */; };
		28E2C8EC1512BB8D000C87CC /* CREDITS in Resources */ = {isa = PBXBuildFile; fileRef = 28E2C8DD1512BB8D000C87CC /* CREDITS */; };
		28E2C8ED1512BB8D000C87CC /* NSObject+SBJSON.m in Sources */ = {isa = PBXBuildFile; fileRef = 28E2C8E01512BB8D000C87CC /* NSObject+SBJSON.m */; };
		28E2C8EE1512BB8D000C87CC /* NSObject+SBJSON.m in Sources */ = {isa = PBXBuildFile; fileRef = 28E2C8E01512BB8D000C87CC /* NSObject+SBJSON.m */; };
		28E2C8EF1512BB8D000C87CC /* NSString+SBJSON.m in Sources */ = {isa = PBXBuildFile; fileRef = 28E2C8E21512BB8D000C87CC /* NSString+SBJSON.m */; };
		28E2C8F01512BB8D000C87CC /* NSString+SBJSON.m in Sources */ = {isa = PBXBuildFile; fileRef = 28E2C8E21512BB8D000C87CC /* NSString+SBJSON.m */; };
		28E2C8F11512BB8D000C87CC /* SBJSON.m in Sources */ = {isa = PBXBuildFile; fileRef = 28E2C8E41512BB8D000C87CC /* SBJSON.m */; };
		28E2C8F21512BB8D000C87CC /* SBJSON.m in Sources */ = {isa = PBXBuildFile; fileRef = 28E2C8E41512BB8D000C87CC /* SBJSON.m */; };
		28E2C8F31512BB8D000C87CC /* SBJsonBase.m in Sources */ = {isa = PBXBuildFile; fileRef = 28E2C8E61512BB8D000C87CC /* SBJsonBase.m */; };
		28E2C8F41512BB8D000C87CC /* SBJsonBase.m in Sources */ = {isa = PBXBuildFile; fileRef = 28E2C8E61512BB8D000C87CC /* SBJsonBase.m */; };
		28E2C8F51512BB8D000C87CC /* SBJsonParser.m in Sources */ = {isa = PBXBuildFile; fileRef = 28E2C8E81512BB8D000C87CC /* SBJsonParser.m */; };
		28E2C8F61512BB8D000C87CC /* SBJsonParser.m in Sources */ = {isa = PBXBuildFile; fileRef = 28E2C8E81512BB8D000C87CC /* SBJsonParser.m */; };
		28E2C8F71512BB8D000C87CC /* SBJsonWriter.m in Sources */ = {isa = PBXBuildFile; fileRef = 28E2C8EA1512BB8D000C87CC /* SBJsonWriter.m */; };
		28E2C8F81512BB8D000C87CC /* SBJsonWriter.m in Sources */ = {isa = PBXBuildFile; fileRef = 28E2C8EA1512BB8D000C87CC /* SBJsonWriter.m */; };
		28E2C8FB1512CC01000C87CC /* RTMovie.m in Sources */ = {isa = PBXBuildFile; fileRef = 28E2C8FA1512CC01000C87CC /* RTMovie.m */; };
		28E2C9011512D39F000C87CC /* RTActor.m in Sources */ = {isa = PBXBuildFile; fileRef = 28E2C9001512D39F000C87CC /* RTActor.m */; };
/* End PBXBuildFile section */

/* Begin PBXContainerItemProxy section */
		289FE7A11511A117008E548B /* PBXContainerItemProxy */ = {
			isa = PBXContainerItemProxy;
			containerPortal = 289FE7781511A116008E548B /* Project object */;
			proxyType = 1;
			remoteGlobalIDString = 289FE7801511A117008E548B;
			remoteInfo = RottroMovies;
		};
/* End PBXContainerItemProxy section */

/* Begin PBXFileReference section */
		283F58A61512EE79001D0576 /* MovieDetailsViewController.h */ = {isa = PBXFileReference; fileEncoding = 4; lastKnownFileType = sourcecode.c.h; path = MovieDetailsViewController.h; sourceTree = "<group>"; };
		283F58A71512EE79001D0576 /* MovieDetailsViewController.m */ = {isa = PBXFileReference; fileEncoding = 4; lastKnownFileType = sourcecode.c.objc; path = MovieDetailsViewController.m; sourceTree = "<group>"; };
		283F58AA1512F272001D0576 /* MovieDetailsView.xib */ = {isa = PBXFileReference; fileEncoding = 4; lastKnownFileType = file.xib; path = MovieDetailsView.xib; sourceTree = "<group>"; };
		283F58AC15136CD2001D0576 /* LineViewController.h */ = {isa = PBXFileReference; fileEncoding = 4; lastKnownFileType = sourcecode.c.h; path = LineViewController.h; sourceTree = "<group>"; };
		283F58AD15136CD2001D0576 /* LineViewController.m */ = {isa = PBXFileReference; fileEncoding = 4; lastKnownFileType = sourcecode.c.objc; path = LineViewController.m; sourceTree = "<group>"; };
		283F58AF15137707001D0576 /* ActorsViewController.h */ = {isa = PBXFileReference; fileEncoding = 4; lastKnownFileType = sourcecode.c.h; path = ActorsViewController.h; sourceTree = "<group>"; };
		283F58B015137707001D0576 /* ActorsViewController.m */ = {isa = PBXFileReference; fileEncoding = 4; lastKnownFileType = sourcecode.c.objc; path = ActorsViewController.m; sourceTree = "<group>"; };
		283F58B21513822B001D0576 /* Perfil User-03@2x.png */ = {isa = PBXFileReference; lastKnownFileType = image.png; path = "Perfil User-03@2x.png"; sourceTree = "<group>"; };
		283F58B415138233001D0576 /* Perfil User-03.png */ = {isa = PBXFileReference; lastKnownFileType = image.png; path = "Perfil User-03.png"; sourceTree = "<group>"; };
		283F58BB151633B0001D0576 /* Twitter.png */ = {isa = PBXFileReference; lastKnownFileType = image.png; path = Twitter.png; sourceTree = "<group>"; };
		283F58BC151633B0001D0576 /* Twitter@2x.png */ = {isa = PBXFileReference; lastKnownFileType = image.png; path = "Twitter@2x.png"; sourceTree = "<group>"; };
		283F58BF15163446001D0576 /* Twitter Icones-02@2x.png */ = {isa = PBXFileReference; lastKnownFileType = image.png; path = "Twitter Icones-02@2x.png"; sourceTree = "<group>"; };
		283F58C11516344D001D0576 /* Twitter Icones-02.png */ = {isa = PBXFileReference; lastKnownFileType = image.png; path = "Twitter Icones-02.png"; sourceTree = "<group>"; };
		283F59A0151643A3001D0576 /* Security.framework */ = {isa = PBXFileReference; lastKnownFileType = wrapper.framework; name = Security.framework; path = System/Library/Frameworks/Security.framework; sourceTree = SDKROOT; };
		283F59A2151643AB001D0576 /* MessageUI.framework */ = {isa = PBXFileReference; lastKnownFileType = wrapper.framework; name = MessageUI.framework; path = System/Library/Frameworks/MessageUI.framework; sourceTree = SDKROOT; };
		283F59A5151647B8001D0576 /* Model.xcdatamodel */ = {isa = PBXFileReference; lastKnownFileType = wrapper.xcdatamodel; path = Model.xcdatamodel; sourceTree = "<group>"; };
		283F59AE15164BB5001D0576 /* FavoriteListViewController.h */ = {isa = PBXFileReference; fileEncoding = 4; lastKnownFileType = sourcecode.c.h; path = FavoriteListViewController.h; sourceTree = "<group>"; };
		283F59AF15164BB5001D0576 /* FavoriteListViewController.m */ = {isa = PBXFileReference; fileEncoding = 4; lastKnownFileType = sourcecode.c.objc; path = FavoriteListViewController.m; sourceTree = "<group>"; };
		283F59B4151653B8001D0576 /* FavoriteCellView.xib */ = {isa = PBXFileReference; fileEncoding = 4; lastKnownFileType = file.xib; path = FavoriteCellView.xib; sourceTree = "<group>"; };
		283F59B6151654A8001D0576 /* Cross.png */ = {isa = PBXFileReference; lastKnownFileType = image.png; path = Cross.png; sourceTree = "<group>"; };
		283F59B7151654A8001D0576 /* loading.png */ = {isa = PBXFileReference; lastKnownFileType = image.png; path = loading.png; sourceTree = "<group>"; };
		283F59BA15165696001D0576 /* FavoriteCellController.h */ = {isa = PBXFileReference; fileEncoding = 4; lastKnownFileType = sourcecode.c.h; path = FavoriteCellController.h; sourceTree = "<group>"; };
		283F59BB15165697001D0576 /* FavoriteCellController.m */ = {isa = PBXFileReference; fileEncoding = 4; lastKnownFileType = sourcecode.c.objc; path = FavoriteCellController.m; sourceTree = "<group>"; };
		283F59BD15165B7C001D0576 /* Fresh.png */ = {isa = PBXFileReference; lastKnownFileType = image.png; path = Fresh.png; sourceTree = "<group>"; };
		283F59BE15165B7C001D0576 /* Fresh@2x.png */ = {isa = PBXFileReference; lastKnownFileType = image.png; path = "Fresh@2x.png"; sourceTree = "<group>"; };
		283F59BF15165B7C001D0576 /* Rotten.png */ = {isa = PBXFileReference; lastKnownFileType = image.png; path = Rotten.png; sourceTree = "<group>"; };
		283F59C015165B7C001D0576 /* Rotten@2x.png */ = {isa = PBXFileReference; lastKnownFileType = image.png; path = "Rotten@2x.png"; sourceTree = "<group>"; };
		283F59C5151660B1001D0576 /* Add.png */ = {isa = PBXFileReference; lastKnownFileType = image.png; path = Add.png; sourceTree = "<group>"; };
		283F59CA15166498001D0576 /* Favorite.h */ = {isa = PBXFileReference; fileEncoding = 4; lastKnownFileType = sourcecode.c.h; path = Favorite.h; sourceTree = "<group>"; };
		283F59CB15166498001D0576 /* Favorite.m */ = {isa = PBXFileReference; fileEncoding = 4; lastKnownFileType = sourcecode.c.objc; path = Favorite.m; sourceTree = "<group>"; };
		283F59CD1516651A001D0576 /* FavoriteModel.h */ = {isa = PBXFileReference; fileEncoding = 4; lastKnownFileType = sourcecode.c.h; path = FavoriteModel.h; sourceTree = "<group>"; };
		283F59CE1516651A001D0576 /* FavoriteModel.m */ = {isa = PBXFileReference; fileEncoding = 4; lastKnownFileType = sourcecode.c.objc; path = FavoriteModel.m; sourceTree = "<group>"; };
		283F59D315167D17001D0576 /* Facebook.png */ = {isa = PBXFileReference; lastKnownFileType = image.png; path = Facebook.png; sourceTree = "<group>"; };
		283F59D415167D17001D0576 /* Facebook@2x.png */ = {isa = PBXFileReference; lastKnownFileType = image.png; path = "Facebook@2x.png"; sourceTree = "<group>"; };
		283F59D91516805D001D0576 /* NSMutableURLRequest+Parameters.h */ = {isa = PBXFileReference; fileEncoding = 4; lastKnownFileType = sourcecode.c.h; path = "NSMutableURLRequest+Parameters.h"; sourceTree = "<group>"; };
		283F59DA1516805D001D0576 /* NSMutableURLRequest+Parameters.m */ = {isa = PBXFileReference; fileEncoding = 4; lastKnownFileType = sourcecode.c.objc; path = "NSMutableURLRequest+Parameters.m"; sourceTree = "<group>"; };
		283F59DB1516805D001D0576 /* NSString+URLEncoding.h */ = {isa = PBXFileReference; fileEncoding = 4; lastKnownFileType = sourcecode.c.h; path = "NSString+URLEncoding.h"; sourceTree = "<group>"; };
		283F59DC1516805D001D0576 /* NSString+URLEncoding.m */ = {isa = PBXFileReference; fileEncoding = 4; lastKnownFileType = sourcecode.c.objc; path = "NSString+URLEncoding.m"; sourceTree = "<group>"; };
		283F59DD1516805D001D0576 /* NSURL+Base.h */ = {isa = PBXFileReference; fileEncoding = 4; lastKnownFileType = sourcecode.c.h; path = "NSURL+Base.h"; sourceTree = "<group>"; };
		283F59DE1516805D001D0576 /* NSURL+Base.m */ = {isa = PBXFileReference; fileEncoding = 4; lastKnownFileType = sourcecode.c.objc; path = "NSURL+Base.m"; sourceTree = "<group>"; };
		283F59E01516805D001D0576 /* Base64Transcoder.c */ = {isa = PBXFileReference; fileEncoding = 4; lastKnownFileType = sourcecode.c.c; path = Base64Transcoder.c; sourceTree = "<group>"; };
		283F59E11516805D001D0576 /* Base64Transcoder.h */ = {isa = PBXFileReference; fileEncoding = 4; lastKnownFileType = sourcecode.c.h; path = Base64Transcoder.h; sourceTree = "<group>"; };
		283F59E21516805D001D0576 /* hmac.c */ = {isa = PBXFileReference; fileEncoding = 4; lastKnownFileType = sourcecode.c.c; path = hmac.c; sourceTree = "<group>"; };
		283F59E31516805D001D0576 /* hmac.h */ = {isa = PBXFileReference; fileEncoding = 4; lastKnownFileType = sourcecode.c.h; path = hmac.h; sourceTree = "<group>"; };
		283F59E41516805D001D0576 /* sha1.c */ = {isa = PBXFileReference; fileEncoding = 4; lastKnownFileType = sourcecode.c.c; path = sha1.c; sourceTree = "<group>"; };
		283F59E51516805D001D0576 /* sha1.h */ = {isa = PBXFileReference; fileEncoding = 4; lastKnownFileType = sourcecode.c.h; path = sha1.h; sourceTree = "<group>"; };
		283F59E61516805D001D0576 /* OAAttachment.h */ = {isa = PBXFileReference; fileEncoding = 4; lastKnownFileType = sourcecode.c.h; path = OAAttachment.h; sourceTree = "<group>"; };
		283F59E71516805D001D0576 /* OAAttachment.m */ = {isa = PBXFileReference; fileEncoding = 4; lastKnownFileType = sourcecode.c.objc; path = OAAttachment.m; sourceTree = "<group>"; };
		283F59E81516805D001D0576 /* OACall.h */ = {isa = PBXFileReference; fileEncoding = 4; lastKnownFileType = sourcecode.c.h; path = OACall.h; sourceTree = "<group>"; };
		283F59E91516805D001D0576 /* OACall.m */ = {isa = PBXFileReference; fileEncoding = 4; lastKnownFileType = sourcecode.c.objc; path = OACall.m; sourceTree = "<group>"; };
		283F59EA1516805D001D0576 /* OAConsumer.h */ = {isa = PBXFileReference; fileEncoding = 4; lastKnownFileType = sourcecode.c.h; path = OAConsumer.h; sourceTree = "<group>"; };
		283F59EB1516805D001D0576 /* OAConsumer.m */ = {isa = PBXFileReference; fileEncoding = 4; lastKnownFileType = sourcecode.c.objc; path = OAConsumer.m; sourceTree = "<group>"; };
		283F59EC1516805D001D0576 /* OADataFetcher.h */ = {isa = PBXFileReference; fileEncoding = 4; lastKnownFileType = sourcecode.c.h; path = OADataFetcher.h; sourceTree = "<group>"; };
		283F59ED1516805D001D0576 /* OADataFetcher.m */ = {isa = PBXFileReference; fileEncoding = 4; lastKnownFileType = sourcecode.c.objc; path = OADataFetcher.m; sourceTree = "<group>"; };
		283F59EE1516805D001D0576 /* OAHMAC_SHA1SignatureProvider.h */ = {isa = PBXFileReference; fileEncoding = 4; lastKnownFileType = sourcecode.c.h; path = OAHMAC_SHA1SignatureProvider.h; sourceTree = "<group>"; };
		283F59EF1516805D001D0576 /* OAHMAC_SHA1SignatureProvider.m */ = {isa = PBXFileReference; fileEncoding = 4; lastKnownFileType = sourcecode.c.objc; path = OAHMAC_SHA1SignatureProvider.m; sourceTree = "<group>"; };
		283F59F01516805D001D0576 /* OAMutableURLRequest.h */ = {isa = PBXFileReference; fileEncoding = 4; lastKnownFileType = sourcecode.c.h; path = OAMutableURLRequest.h; sourceTree = "<group>"; };
		283F59F11516805D001D0576 /* OAMutableURLRequest.m */ = {isa = PBXFileReference; fileEncoding = 4; lastKnownFileType = sourcecode.c.objc; path = OAMutableURLRequest.m; sourceTree = "<group>"; };
		283F59F21516805D001D0576 /* OAPlaintextSignatureProvider.h */ = {isa = PBXFileReference; fileEncoding = 4; lastKnownFileType = sourcecode.c.h; path = OAPlaintextSignatureProvider.h; sourceTree = "<group>"; };
		283F59F31516805D001D0576 /* OAPlaintextSignatureProvider.m */ = {isa = PBXFileReference; fileEncoding = 4; lastKnownFileType = sourcecode.c.objc; path = OAPlaintextSignatureProvider.m; sourceTree = "<group>"; };
		283F59F41516805D001D0576 /* OAProblem.h */ = {isa = PBXFileReference; fileEncoding = 4; lastKnownFileType = sourcecode.c.h; path = OAProblem.h; sourceTree = "<group>"; };
		283F59F51516805D001D0576 /* OAProblem.m */ = {isa = PBXFileReference; fileEncoding = 4; lastKnownFileType = sourcecode.c.objc; path = OAProblem.m; sourceTree = "<group>"; };
		283F59F61516805D001D0576 /* OARequestParameter.h */ = {isa = PBXFileReference; fileEncoding = 4; lastKnownFileType = sourcecode.c.h; path = OARequestParameter.h; sourceTree = "<group>"; };
		283F59F71516805D001D0576 /* OARequestParameter.m */ = {isa = PBXFileReference; fileEncoding = 4; lastKnownFileType = sourcecode.c.objc; path = OARequestParameter.m; sourceTree = "<group>"; };
		283F59F81516805D001D0576 /* OAServiceTicket.h */ = {isa = PBXFileReference; fileEncoding = 4; lastKnownFileType = sourcecode.c.h; path = OAServiceTicket.h; sourceTree = "<group>"; };
		283F59F91516805D001D0576 /* OAServiceTicket.m */ = {isa = PBXFileReference; fileEncoding = 4; lastKnownFileType = sourcecode.c.objc; path = OAServiceTicket.m; sourceTree = "<group>"; };
		283F59FA1516805D001D0576 /* OASignatureProviding.h */ = {isa = PBXFileReference; fileEncoding = 4; lastKnownFileType = sourcecode.c.h; path = OASignatureProviding.h; sourceTree = "<group>"; };
		283F59FB1516805D001D0576 /* OATestServer.rb */ = {isa = PBXFileReference; fileEncoding = 4; lastKnownFileType = text.script.ruby; path = OATestServer.rb; sourceTree = "<group>"; };
		283F59FC1516805D001D0576 /* OAToken.h */ = {isa = PBXFileReference; fileEncoding = 4; lastKnownFileType = sourcecode.c.h; path = OAToken.h; sourceTree = "<group>"; };
		283F59FD1516805D001D0576 /* OAToken.m */ = {isa = PBXFileReference; fileEncoding = 4; lastKnownFileType = sourcecode.c.objc; path = OAToken.m; sourceTree = "<group>"; };
		283F59FE1516805D001D0576 /* OATokenManager.h */ = {isa = PBXFileReference; fileEncoding = 4; lastKnownFileType = sourcecode.c.h; path = OATokenManager.h; sourceTree = "<group>"; };
		283F59FF1516805D001D0576 /* OATokenManager.m */ = {isa = PBXFileReference; fileEncoding = 4; lastKnownFileType = sourcecode.c.objc; path = OATokenManager.m; sourceTree = "<group>"; };
		283F5A001516805D001D0576 /* OAuthConsumer.h */ = {isa = PBXFileReference; fileEncoding = 4; lastKnownFileType = sourcecode.c.h; path = OAuthConsumer.h; sourceTree = "<group>"; };
		283F5A011516805D001D0576 /* README */ = {isa = PBXFileReference; fileEncoding = 4; lastKnownFileType = text; path = README; sourceTree = "<group>"; };
		283F5A18151680BC001D0576 /* FacebookAccessor.h */ = {isa = PBXFileReference; fileEncoding = 4; lastKnownFileType = sourcecode.c.h; path = FacebookAccessor.h; sourceTree = "<group>"; };
		283F5A19151680BC001D0576 /* FacebookAccessor.m */ = {isa = PBXFileReference; fileEncoding = 4; lastKnownFileType = sourcecode.c.objc; path = FacebookAccessor.m; sourceTree = "<group>"; };
		283F5A29151680D7001D0576 /* TwitterAccessor.h */ = {isa = PBXFileReference; fileEncoding = 4; lastKnownFileType = sourcecode.c.h; path = TwitterAccessor.h; sourceTree = "<group>"; };
		283F5A2A151680D7001D0576 /* TwitterAccessor.m */ = {isa = PBXFileReference; fileEncoding = 4; lastKnownFileType = sourcecode.c.objc; path = TwitterAccessor.m; sourceTree = "<group>"; };
		283F5A2C151680D7001D0576 /* TwitterAuthViewController.h */ = {isa = PBXFileReference; fileEncoding = 4; lastKnownFileType = sourcecode.c.h; path = TwitterAuthViewController.h; sourceTree = "<group>"; };
		283F5A2D151680D7001D0576 /* TwitterAuthViewController.m */ = {isa = PBXFileReference; fileEncoding = 4; lastKnownFileType = sourcecode.c.objc; path = TwitterAuthViewController.m; sourceTree = "<group>"; };
		283F5A3515168252001D0576 /* UIAlertView+UIAlertView_Helper.h */ = {isa = PBXFileReference; fileEncoding = 4; lastKnownFileType = sourcecode.c.h; path = "UIAlertView+UIAlertView_Helper.h"; sourceTree = "<group>"; };
		283F5A3615168253001D0576 /* UIAlertView+UIAlertView_Helper.m */ = {isa = PBXFileReference; fileEncoding = 4; lastKnownFileType = sourcecode.c.objc; path = "UIAlertView+UIAlertView_Helper.m"; sourceTree = "<group>"; };
		283F5A3F1516831E001D0576 /* Facebook.h */ = {isa = PBXFileReference; fileEncoding = 4; lastKnownFileType = sourcecode.c.h; path = Facebook.h; sourceTree = "<group>"; };
		283F5A401516831E001D0576 /* Facebook.m */ = {isa = PBXFileReference; fileEncoding = 4; lastKnownFileType = sourcecode.c.objc; path = Facebook.m; sourceTree = "<group>"; };
		283F5A411516831E001D0576 /* FBConnect.h */ = {isa = PBXFileReference; fileEncoding = 4; lastKnownFileType = sourcecode.c.h; path = FBConnect.h; sourceTree = "<group>"; };
		283F5A421516831E001D0576 /* FBDialog.bundle */ = {isa = PBXFileReference; lastKnownFileType = "wrapper.plug-in"; path = FBDialog.bundle; sourceTree = "<group>"; };
		283F5A431516831E001D0576 /* FBDialog.h */ = {isa = PBXFileReference; fileEncoding = 4; lastKnownFileType = sourcecode.c.h; path = FBDialog.h; sourceTree = "<group>"; };
		283F5A441516831E001D0576 /* FBDialog.m */ = {isa = PBXFileReference; fileEncoding = 4; lastKnownFileType = sourcecode.c.objc; path = FBDialog.m; sourceTree = "<group>"; };
		283F5A451516831E001D0576 /* FBLoginDialog.h */ = {isa = PBXFileReference; fileEncoding = 4; lastKnownFileType = sourcecode.c.h; path = FBLoginDialog.h; sourceTree = "<group>"; };
		283F5A461516831E001D0576 /* FBLoginDialog.m */ = {isa = PBXFileReference; fileEncoding = 4; lastKnownFileType = sourcecode.c.objc; path = FBLoginDialog.m; sourceTree = "<group>"; };
		283F5A471516831E001D0576 /* FBRequest.h */ = {isa = PBXFileReference; fileEncoding = 4; lastKnownFileType = sourcecode.c.h; path = FBRequest.h; sourceTree = "<group>"; };
		283F5A481516831E001D0576 /* FBRequest.m */ = {isa = PBXFileReference; fileEncoding = 4; lastKnownFileType = sourcecode.c.objc; path = FBRequest.m; sourceTree = "<group>"; };
		283F5A5A15168B4E001D0576 /* TwitterAuthView.xib */ = {isa = PBXFileReference; fileEncoding = 4; lastKnownFileType = file.xib; path = TwitterAuthView.xib; sourceTree = "<group>"; };
		283F5A5C15168CE3001D0576 /* SocialShareViewController.h */ = {isa = PBXFileReference; fileEncoding = 4; lastKnownFileType = sourcecode.c.h; name = SocialShareViewController.h; path = Twitter/SocialShareViewController.h; sourceTree = "<group>"; };
		283F5A5D15168CE4001D0576 /* SocialShareViewController.m */ = {isa = PBXFileReference; fileEncoding = 4; lastKnownFileType = sourcecode.c.objc; name = SocialShareViewController.m; path = Twitter/SocialShareViewController.m; sourceTree = "<group>"; };
		283F5A5F15168E7D001D0576 /* SocialShareViewController.xib */ = {isa = PBXFileReference; fileEncoding = 4; lastKnownFileType = file.xib; name = SocialShareViewController.xib; path = Twitter/SocialShareViewController.xib; sourceTree = "<group>"; };
		283F5A6715169724001D0576 /* FacebookView.xib */ = {isa = PBXFileReference; fileEncoding = 4; lastKnownFileType = file.xib; path = FacebookView.xib; sourceTree = "<group>"; };
		283F5A691516A61E001D0576 /* 57.png */ = {isa = PBXFileReference; lastKnownFileType = image.png; path = 57.png; sourceTree = "<group>"; };
		283F5A6B1516A639001D0576 /* 114.png */ = {isa = PBXFileReference; lastKnownFileType = image.png; path = 114.png; sourceTree = "<group>"; };
		283F5A6D1516C350001D0576 /* Default.png */ = {isa = PBXFileReference; lastKnownFileType = image.png; path = Default.png; sourceTree = "<group>"; };
		283F5A6F1516C364001D0576 /* Default@2x.png */ = {isa = PBXFileReference; lastKnownFileType = image.png; path = "Default@2x.png"; sourceTree = "<group>"; };
		289FE7811511A117008E548B /* RottroMovies.app */ = {isa = PBXFileReference; explicitFileType = wrapper.application; includeInIndex = 0; path = RottroMovies.app; sourceTree = BUILT_PRODUCTS_DIR; };
		289FE7851511A117008E548B /* UIKit.framework */ = {isa = PBXFileReference; lastKnownFileType = wrapper.framework; name = UIKit.framework; path = System/Library/Frameworks/UIKit.framework; sourceTree = SDKROOT; };
		289FE7871511A117008E548B /* Foundation.framework */ = {isa = PBXFileReference; lastKnownFileType = wrapper.framework; name = Foundation.framework; path = System/Library/Frameworks/Foundation.framework; sourceTree = SDKROOT; };
		289FE7891511A117008E548B /* CoreGraphics.framework */ = {isa = PBXFileReference; lastKnownFileType = wrapper.framework; name = CoreGraphics.framework; path = System/Library/Frameworks/CoreGraphics.framework; sourceTree = SDKROOT; };
		289FE78D1511A117008E548B /* RottroMovies-Info.plist */ = {isa = PBXFileReference; lastKnownFileType = text.plist.xml; path = "RottroMovies-Info.plist"; sourceTree = "<group>"; };
		289FE78F1511A117008E548B /* en */ = {isa = PBXFileReference; lastKnownFileType = text.plist.strings; name = en; path = en.lproj/InfoPlist.strings; sourceTree = "<group>"; };
		289FE7911511A117008E548B /* main.m */ = {isa = PBXFileReference; lastKnownFileType = sourcecode.c.objc; path = main.m; sourceTree = "<group>"; };
		289FE7931511A117008E548B /* RottroMovies-Prefix.pch */ = {isa = PBXFileReference; lastKnownFileType = sourcecode.c.h; path = "RottroMovies-Prefix.pch"; sourceTree = "<group>"; };
		289FE7941511A117008E548B /* AppDelegate.h */ = {isa = PBXFileReference; lastKnownFileType = sourcecode.c.h; path = AppDelegate.h; sourceTree = "<group>"; };
		289FE7951511A117008E548B /* AppDelegate.m */ = {isa = PBXFileReference; lastKnownFileType = sourcecode.c.objc; path = AppDelegate.m; sourceTree = "<group>"; };
		289FE79C1511A117008E548B /* RottroMoviesTests.octest */ = {isa = PBXFileReference; explicitFileType = wrapper.cfbundle; includeInIndex = 0; path = RottroMoviesTests.octest; sourceTree = BUILT_PRODUCTS_DIR; };
		289FE79D1511A117008E548B /* SenTestingKit.framework */ = {isa = PBXFileReference; lastKnownFileType = wrapper.framework; name = SenTestingKit.framework; path = Library/Frameworks/SenTestingKit.framework; sourceTree = DEVELOPER_DIR; };
		289FE7A51511A117008E548B /* RottroMoviesTests-Info.plist */ = {isa = PBXFileReference; lastKnownFileType = text.plist.xml; path = "RottroMoviesTests-Info.plist"; sourceTree = "<group>"; };
		289FE7A71511A117008E548B /* en */ = {isa = PBXFileReference; lastKnownFileType = text.plist.strings; name = en; path = en.lproj/InfoPlist.strings; sourceTree = "<group>"; };
		289FE7A91511A117008E548B /* RottenTomatoesInterfaceTests.h */ = {isa = PBXFileReference; lastKnownFileType = sourcecode.c.h; path = RottenTomatoesInterfaceTests.h; sourceTree = "<group>"; };
		289FE7AA1511A117008E548B /* RottenTomatoesInterfaceTests.m */ = {isa = PBXFileReference; lastKnownFileType = sourcecode.c.objc; path = RottenTomatoesInterfaceTests.m; sourceTree = "<group>"; };
		28E2C734151244CB000C87CC /* MovieListView.xib */ = {isa = PBXFileReference; fileEncoding = 4; lastKnownFileType = file.xib; path = MovieListView.xib; sourceTree = "<group>"; };
		28E2C7E1151255F0000C87CC /* FavoriteListView.xib */ = {isa = PBXFileReference; fileEncoding = 4; lastKnownFileType = file.xib; path = FavoriteListView.xib; sourceTree = "<group>"; };
		28E2C7E315125D85000C87CC /* MovieListViewController.h */ = {isa = PBXFileReference; fileEncoding = 4; lastKnownFileType = sourcecode.c.h; path = MovieListViewController.h; sourceTree = "<group>"; };
		28E2C7E415125D85000C87CC /* MovieListViewController.m */ = {isa = PBXFileReference; fileEncoding = 4; lastKnownFileType = sourcecode.c.objc; path = MovieListViewController.m; sourceTree = "<group>"; };
		28E2C7E615126283000C87CC /* MovieCellController.h */ = {isa = PBXFileReference; fileEncoding = 4; lastKnownFileType = sourcecode.c.h; path = MovieCellController.h; sourceTree = "<group>"; };
		28E2C7E715126283000C87CC /* MovieCellController.m */ = {isa = PBXFileReference; fileEncoding = 4; lastKnownFileType = sourcecode.c.objc; path = MovieCellController.m; sourceTree = "<group>"; };
		28E2C7E915126296000C87CC /* MovieCellView.xib */ = {isa = PBXFileReference; fileEncoding = 4; lastKnownFileType = file.xib; path = MovieCellView.xib; sourceTree = "<group>"; };
		28E2C7EB15126494000C87CC /* g.png */ = {isa = PBXFileReference; lastKnownFileType = image.png; path = g.png; sourceTree = "<group>"; };
		28E2C7EC15126494000C87CC /* nc_17.png */ = {isa = PBXFileReference; lastKnownFileType = image.png; path = nc_17.png; sourceTree = "<group>"; };
		28E2C7ED15126494000C87CC /* pg_13.png */ = {isa = PBXFileReference; lastKnownFileType = image.png; path = pg_13.png; sourceTree = "<group>"; };
		28E2C7EE15126494000C87CC /* pg.png */ = {isa = PBXFileReference; lastKnownFileType = image.png; path = pg.png; sourceTree = "<group>"; };
		28E2C7EF15126494000C87CC /* r.png */ = {isa = PBXFileReference; lastKnownFileType = image.png; path = r.png; sourceTree = "<group>"; };
		28E2C7FA1512AEBA000C87CC /* arrow.png */ = {isa = PBXFileReference; lastKnownFileType = image.png; path = arrow.png; sourceTree = "<group>"; };
		28E2C7FB1512AEBA000C87CC /* PullRefreshTableViewController.h */ = {isa = PBXFileReference; fileEncoding = 4; lastKnownFileType = sourcecode.c.h; path = PullRefreshTableViewController.h; sourceTree = "<group>"; };
		28E2C7FC1512AEBA000C87CC /* PullRefreshTableViewController.m */ = {isa = PBXFileReference; fileEncoding = 4; lastKnownFileType = sourcecode.c.objc; path = PullRefreshTableViewController.m; sourceTree = "<group>"; };
		28E2C8001512AEE5000C87CC /* ActiveRecordHelpers.h */ = {isa = PBXFileReference; fileEncoding = 4; lastKnownFileType = sourcecode.c.h; path = ActiveRecordHelpers.h; sourceTree = "<group>"; };
		28E2C8011512AEE5000C87CC /* ActiveRecordHelpers.m */ = {isa = PBXFileReference; fileEncoding = 4; lastKnownFileType = sourcecode.c.objc; path = ActiveRecordHelpers.m; sourceTree = "<group>"; };
		28E2C8021512AEE5000C87CC /* CoreData+ActiveRecordFetching.h */ = {isa = PBXFileReference; fileEncoding = 4; lastKnownFileType = sourcecode.c.h; path = "CoreData+ActiveRecordFetching.h"; sourceTree = "<group>"; };
		28E2C8031512AEE5000C87CC /* NSManagedObject+ActiveRecord.h */ = {isa = PBXFileReference; fileEncoding = 4; lastKnownFileType = sourcecode.c.h; path = "NSManagedObject+ActiveRecord.h"; sourceTree = "<group>"; };
		28E2C8041512AEE5000C87CC /* NSManagedObject+ActiveRecord.m */ = {isa = PBXFileReference; fileEncoding = 4; lastKnownFileType = sourcecode.c.objc; path = "NSManagedObject+ActiveRecord.m"; sourceTree = "<group>"; };
		28E2C8051512AEE5000C87CC /* NSManagedObjectContext+ActiveRecord.h */ = {isa = PBXFileReference; fileEncoding = 4; lastKnownFileType = sourcecode.c.h; path = "NSManagedObjectContext+ActiveRecord.h"; sourceTree = "<group>"; };
		28E2C8061512AEE5000C87CC /* NSManagedObjectContext+ActiveRecord.m */ = {isa = PBXFileReference; fileEncoding = 4; lastKnownFileType = sourcecode.c.objc; path = "NSManagedObjectContext+ActiveRecord.m"; sourceTree = "<group>"; };
		28E2C8071512AEE5000C87CC /* NSManagedObjectModel+ActiveRecord.h */ = {isa = PBXFileReference; fileEncoding = 4; lastKnownFileType = sourcecode.c.h; path = "NSManagedObjectModel+ActiveRecord.h"; sourceTree = "<group>"; };
		28E2C8081512AEE5000C87CC /* NSManagedObjectModel+ActiveRecord.m */ = {isa = PBXFileReference; fileEncoding = 4; lastKnownFileType = sourcecode.c.objc; path = "NSManagedObjectModel+ActiveRecord.m"; sourceTree = "<group>"; };
		28E2C8091512AEE5000C87CC /* NSPersistentStore+ActiveRecord.h */ = {isa = PBXFileReference; fileEncoding = 4; lastKnownFileType = sourcecode.c.h; path = "NSPersistentStore+ActiveRecord.h"; sourceTree = "<group>"; };
		28E2C80A1512AEE5000C87CC /* NSPersistentStore+ActiveRecord.m */ = {isa = PBXFileReference; fileEncoding = 4; lastKnownFileType = sourcecode.c.objc; path = "NSPersistentStore+ActiveRecord.m"; sourceTree = "<group>"; };
		28E2C80B1512AEE5000C87CC /* NSPersistentStoreCoordinator+ActiveRecord.h */ = {isa = PBXFileReference; fileEncoding = 4; lastKnownFileType = sourcecode.c.h; path = "NSPersistentStoreCoordinator+ActiveRecord.h"; sourceTree = "<group>"; };
		28E2C80C1512AEE5000C87CC /* NSPersistentStoreCoordinator+ActiveRecord.m */ = {isa = PBXFileReference; fileEncoding = 4; lastKnownFileType = sourcecode.c.objc; path = "NSPersistentStoreCoordinator+ActiveRecord.m"; sourceTree = "<group>"; };
		28E2C80E1512AEE5000C87CC /* LICENSE */ = {isa = PBXFileReference; fileEncoding = 4; lastKnownFileType = text; path = LICENSE; sourceTree = "<group>"; };
		28E2C80F1512AEE5000C87CC /* README.md */ = {isa = PBXFileReference; fileEncoding = 4; lastKnownFileType = text; path = README.md; sourceTree = "<group>"; };
		28E2C8101512AEE5000C87CC /* SDImageCache.h */ = {isa = PBXFileReference; fileEncoding = 4; lastKnownFileType = sourcecode.c.h; path = SDImageCache.h; sourceTree = "<group>"; };
		28E2C8111512AEE5000C87CC /* SDImageCache.m */ = {isa = PBXFileReference; fileEncoding = 4; lastKnownFileType = sourcecode.c.objc; path = SDImageCache.m; sourceTree = "<group>"; };
		28E2C8121512AEE5000C87CC /* SDImageCacheDelegate.h */ = {isa = PBXFileReference; fileEncoding = 4; lastKnownFileType = sourcecode.c.h; path = SDImageCacheDelegate.h; sourceTree = "<group>"; };
		28E2C8131512AEE5000C87CC /* SDWebImageCompat.h */ = {isa = PBXFileReference; fileEncoding = 4; lastKnownFileType = sourcecode.c.h; path = SDWebImageCompat.h; sourceTree = "<group>"; };
		28E2C8141512AEE5000C87CC /* SDWebImageDownloader.h */ = {isa = PBXFileReference; fileEncoding = 4; lastKnownFileType = sourcecode.c.h; path = SDWebImageDownloader.h; sourceTree = "<group>"; };
		28E2C8151512AEE5000C87CC /* SDWebImageDownloader.m */ = {isa = PBXFileReference; fileEncoding = 4; lastKnownFileType = sourcecode.c.objc; path = SDWebImageDownloader.m; sourceTree = "<group>"; };
		28E2C8161512AEE5000C87CC /* SDWebImageDownloaderDelegate.h */ = {isa = PBXFileReference; fileEncoding = 4; lastKnownFileType = sourcecode.c.h; path = SDWebImageDownloaderDelegate.h; sourceTree = "<group>"; };
		28E2C8171512AEE5000C87CC /* SDWebImageManager.h */ = {isa = PBXFileReference; fileEncoding = 4; lastKnownFileType = sourcecode.c.h; path = SDWebImageManager.h; sourceTree = "<group>"; };
		28E2C8181512AEE5000C87CC /* SDWebImageManager.m */ = {isa = PBXFileReference; fileEncoding = 4; lastKnownFileType = sourcecode.c.objc; path = SDWebImageManager.m; sourceTree = "<group>"; };
		28E2C8191512AEE5000C87CC /* SDWebImageManagerDelegate.h */ = {isa = PBXFileReference; fileEncoding = 4; lastKnownFileType = sourcecode.c.h; path = SDWebImageManagerDelegate.h; sourceTree = "<group>"; };
		28E2C81A1512AEE5000C87CC /* UIButton+WebCache.h */ = {isa = PBXFileReference; fileEncoding = 4; lastKnownFileType = sourcecode.c.h; path = "UIButton+WebCache.h"; sourceTree = "<group>"; };
		28E2C81B1512AEE5000C87CC /* UIButton+WebCache.m */ = {isa = PBXFileReference; fileEncoding = 4; lastKnownFileType = sourcecode.c.objc; path = "UIButton+WebCache.m"; sourceTree = "<group>"; };
		28E2C81C1512AEE5000C87CC /* UIImageView+WebCache.h */ = {isa = PBXFileReference; fileEncoding = 4; lastKnownFileType = sourcecode.c.h; path = "UIImageView+WebCache.h"; sourceTree = "<group>"; };
		28E2C81D1512AEE5000C87CC /* UIImageView+WebCache.m */ = {isa = PBXFileReference; fileEncoding = 4; lastKnownFileType = sourcecode.c.objc; path = "UIImageView+WebCache.m"; sourceTree = "<group>"; };
		28E2C81F1512AEE5000C87CC /* SVProgressHUD.bundle */ = {isa = PBXFileReference; lastKnownFileType = "wrapper.plug-in"; path = SVProgressHUD.bundle; sourceTree = "<group>"; };
		28E2C8201512AEE5000C87CC /* SVProgressHUD.h */ = {isa = PBXFileReference; fileEncoding = 4; lastKnownFileType = sourcecode.c.h; path = SVProgressHUD.h; sourceTree = "<group>"; };
		28E2C8211512AEE5000C87CC /* SVProgressHUD.m */ = {isa = PBXFileReference; fileEncoding = 4; lastKnownFileType = sourcecode.c.objc; path = SVProgressHUD.m; sourceTree = "<group>"; };
		28E2C8311512AF17000C87CC /* QuartzCore.framework */ = {isa = PBXFileReference; lastKnownFileType = wrapper.framework; name = QuartzCore.framework; path = System/Library/Frameworks/QuartzCore.framework; sourceTree = SDKROOT; };
		28E2C8331512AF38000C87CC /* CoreData.framework */ = {isa = PBXFileReference; lastKnownFileType = wrapper.framework; name = CoreData.framework; path = System/Library/Frameworks/CoreData.framework; sourceTree = SDKROOT; };
		28E2C83A1512B501000C87CC /* ASIAuthenticationDialog.h */ = {isa = PBXFileReference; fileEncoding = 4; lastKnownFileType = sourcecode.c.h; path = ASIAuthenticationDialog.h; sourceTree = "<group>"; };
		28E2C83B1512B501000C87CC /* ASIAuthenticationDialog.m */ = {isa = PBXFileReference; fileEncoding = 4; lastKnownFileType = sourcecode.c.objc; path = ASIAuthenticationDialog.m; sourceTree = "<group>"; };
		28E2C83C1512B501000C87CC /* ASICacheDelegate.h */ = {isa = PBXFileReference; fileEncoding = 4; lastKnownFileType = sourcecode.c.h; path = ASICacheDelegate.h; sourceTree = "<group>"; };
		28E2C83D1512B501000C87CC /* ASIDataCompressor.h */ = {isa = PBXFileReference; fileEncoding = 4; lastKnownFileType = sourcecode.c.h; path = ASIDataCompressor.h; sourceTree = "<group>"; };
		28E2C83E1512B501000C87CC /* ASIDataCompressor.m */ = {isa = PBXFileReference; fileEncoding = 4; lastKnownFileType = sourcecode.c.objc; path = ASIDataCompressor.m; sourceTree = "<group>"; };
		28E2C83F1512B501000C87CC /* ASIDataDecompressor.h */ = {isa = PBXFileReference; fileEncoding = 4; lastKnownFileType = sourcecode.c.h; path = ASIDataDecompressor.h; sourceTree = "<group>"; };
		28E2C8401512B501000C87CC /* ASIDataDecompressor.m */ = {isa = PBXFileReference; fileEncoding = 4; lastKnownFileType = sourcecode.c.objc; path = ASIDataDecompressor.m; sourceTree = "<group>"; };
		28E2C8411512B501000C87CC /* ASIDownloadCache.h */ = {isa = PBXFileReference; fileEncoding = 4; lastKnownFileType = sourcecode.c.h; path = ASIDownloadCache.h; sourceTree = "<group>"; };
		28E2C8421512B501000C87CC /* ASIDownloadCache.m */ = {isa = PBXFileReference; fileEncoding = 4; lastKnownFileType = sourcecode.c.objc; path = ASIDownloadCache.m; sourceTree = "<group>"; };
		28E2C8431512B501000C87CC /* ASIFormDataRequest.h */ = {isa = PBXFileReference; fileEncoding = 4; lastKnownFileType = sourcecode.c.h; path = ASIFormDataRequest.h; sourceTree = "<group>"; };
		28E2C8441512B501000C87CC /* ASIFormDataRequest.m */ = {isa = PBXFileReference; fileEncoding = 4; lastKnownFileType = sourcecode.c.objc; path = ASIFormDataRequest.m; sourceTree = "<group>"; };
		28E2C8451512B501000C87CC /* ASIHTTPRequest.h */ = {isa = PBXFileReference; fileEncoding = 4; lastKnownFileType = sourcecode.c.h; path = ASIHTTPRequest.h; sourceTree = "<group>"; };
		28E2C8461512B501000C87CC /* ASIHTTPRequest.m */ = {isa = PBXFileReference; fileEncoding = 4; lastKnownFileType = sourcecode.c.objc; path = ASIHTTPRequest.m; sourceTree = "<group>"; };
		28E2C8471512B501000C87CC /* ASIHTTPRequestConfig.h */ = {isa = PBXFileReference; fileEncoding = 4; lastKnownFileType = sourcecode.c.h; path = ASIHTTPRequestConfig.h; sourceTree = "<group>"; };
		28E2C8481512B501000C87CC /* ASIHTTPRequestDelegate.h */ = {isa = PBXFileReference; fileEncoding = 4; lastKnownFileType = sourcecode.c.h; path = ASIHTTPRequestDelegate.h; sourceTree = "<group>"; };
		28E2C8491512B501000C87CC /* ASIInputStream.h */ = {isa = PBXFileReference; fileEncoding = 4; lastKnownFileType = sourcecode.c.h; path = ASIInputStream.h; sourceTree = "<group>"; };
		28E2C84A1512B501000C87CC /* ASIInputStream.m */ = {isa = PBXFileReference; fileEncoding = 4; lastKnownFileType = sourcecode.c.objc; path = ASIInputStream.m; sourceTree = "<group>"; };
		28E2C84B1512B501000C87CC /* ASINetworkQueue.h */ = {isa = PBXFileReference; fileEncoding = 4; lastKnownFileType = sourcecode.c.h; path = ASINetworkQueue.h; sourceTree = "<group>"; };
		28E2C84C1512B501000C87CC /* ASINetworkQueue.m */ = {isa = PBXFileReference; fileEncoding = 4; lastKnownFileType = sourcecode.c.objc; path = ASINetworkQueue.m; sourceTree = "<group>"; };
		28E2C84D1512B501000C87CC /* ASIProgressDelegate.h */ = {isa = PBXFileReference; fileEncoding = 4; lastKnownFileType = sourcecode.c.h; path = ASIProgressDelegate.h; sourceTree = "<group>"; };
		28E2C84F1512B501000C87CC /* ASIWebPageRequest.h */ = {isa = PBXFileReference; fileEncoding = 4; lastKnownFileType = sourcecode.c.h; path = ASIWebPageRequest.h; sourceTree = "<group>"; };
		28E2C8501512B501000C87CC /* ASIWebPageRequest.m */ = {isa = PBXFileReference; fileEncoding = 4; lastKnownFileType = sourcecode.c.objc; path = ASIWebPageRequest.m; sourceTree = "<group>"; };
		28E2C8B21512B51E000C87CC /* Reachability.h */ = {isa = PBXFileReference; fileEncoding = 4; lastKnownFileType = sourcecode.c.h; path = Reachability.h; sourceTree = "<group>"; };
		28E2C8B31512B51E000C87CC /* Reachability.m */ = {isa = PBXFileReference; fileEncoding = 4; lastKnownFileType = sourcecode.c.objc; path = Reachability.m; sourceTree = "<group>"; };
		28E2C8B71512B5B8000C87CC /* CFNetwork.framework */ = {isa = PBXFileReference; lastKnownFileType = wrapper.framework; name = CFNetwork.framework; path = System/Library/Frameworks/CFNetwork.framework; sourceTree = SDKROOT; };
		28E2C8B91512B5C1000C87CC /* SystemConfiguration.framework */ = {isa = PBXFileReference; lastKnownFileType = wrapper.framework; name = SystemConfiguration.framework; path = System/Library/Frameworks/SystemConfiguration.framework; sourceTree = SDKROOT; };
		28E2C8BB1512B5C8000C87CC /* MobileCoreServices.framework */ = {isa = PBXFileReference; lastKnownFileType = wrapper.framework; name = MobileCoreServices.framework; path = System/Library/Frameworks/MobileCoreServices.framework; sourceTree = SDKROOT; };
		28E2C8BD1512B5ED000C87CC /* libz.dylib */ = {isa = PBXFileReference; lastKnownFileType = "compiled.mach-o.dylib"; name = libz.dylib; path = usr/lib/libz.dylib; sourceTree = SDKROOT; };
		28E2C8C11512B60A000C87CC /* libxml2.2.7.3.dylib */ = {isa = PBXFileReference; lastKnownFileType = "compiled.mach-o.dylib"; name = libxml2.2.7.3.dylib; path = usr/lib/libxml2.2.7.3.dylib; sourceTree = SDKROOT; };
		28E2C8C31512B681000C87CC /* libxml2.dylib */ = {isa = PBXFileReference; lastKnownFileType = "compiled.mach-o.dylib"; name = libxml2.dylib; path = usr/lib/libxml2.dylib; sourceTree = SDKROOT; };
		28E2C8C51512B80A000C87CC /* Constants.h */ = {isa = PBXFileReference; fileEncoding = 4; lastKnownFileType = sourcecode.c.h; path = Constants.h; sourceTree = "<group>"; };
		28E2C8D81512BAC2000C87CC /* RottenTomatoesInterface.h */ = {isa = PBXFileReference; fileEncoding = 4; lastKnownFileType = sourcecode.c.h; path = RottenTomatoesInterface.h; sourceTree = "<group>"; };
		28E2C8D91512BAC2000C87CC /* RottenTomatoesInterface.m */ = {isa = PBXFileReference; fileEncoding = 4; lastKnownFileType = sourcecode.c.objc; path = RottenTomatoesInterface.m; sourceTree = "<group>"; };
		28E2C8DD1512BB8D000C87CC /* CREDITS */ = {isa = PBXFileReference; fileEncoding = 4; lastKnownFileType = text; path = CREDITS; sourceTree = "<group>"; };
		28E2C8DE1512BB8D000C87CC /* JSON.h */ = {isa = PBXFileReference; fileEncoding = 4; lastKnownFileType = sourcecode.c.h; path = JSON.h; sourceTree = "<group>"; };
		28E2C8DF1512BB8D000C87CC /* NSObject+SBJSON.h */ = {isa = PBXFileReference; fileEncoding = 4; lastKnownFileType = sourcecode.c.h; path = "NSObject+SBJSON.h"; sourceTree = "<group>"; };
		28E2C8E01512BB8D000C87CC /* NSObject+SBJSON.m */ = {isa = PBXFileReference; fileEncoding = 4; lastKnownFileType = sourcecode.c.objc; path = "NSObject+SBJSON.m"; sourceTree = "<group>"; };
		28E2C8E11512BB8D000C87CC /* NSString+SBJSON.h */ = {isa = PBXFileReference; fileEncoding = 4; lastKnownFileType = sourcecode.c.h; path = "NSString+SBJSON.h"; sourceTree = "<group>"; };
		28E2C8E21512BB8D000C87CC /* NSString+SBJSON.m */ = {isa = PBXFileReference; fileEncoding = 4; lastKnownFileType = sourcecode.c.objc; path = "NSString+SBJSON.m"; sourceTree = "<group>"; };
		28E2C8E31512BB8D000C87CC /* SBJSON.h */ = {isa = PBXFileReference; fileEncoding = 4; lastKnownFileType = sourcecode.c.h; path = SBJSON.h; sourceTree = "<group>"; };
		28E2C8E41512BB8D000C87CC /* SBJSON.m */ = {isa = PBXFileReference; fileEncoding = 4; lastKnownFileType = sourcecode.c.objc; path = SBJSON.m; sourceTree = "<group>"; };
		28E2C8E51512BB8D000C87CC /* SBJsonBase.h */ = {isa = PBXFileReference; fileEncoding = 4; lastKnownFileType = sourcecode.c.h; path = SBJsonBase.h; sourceTree = "<group>"; };
		28E2C8E61512BB8D000C87CC /* SBJsonBase.m */ = {isa = PBXFileReference; fileEncoding = 4; lastKnownFileType = sourcecode.c.objc; path = SBJsonBase.m; sourceTree = "<group>"; };
		28E2C8E71512BB8D000C87CC /* SBJsonParser.h */ = {isa = PBXFileReference; fileEncoding = 4; lastKnownFileType = sourcecode.c.h; path = SBJsonParser.h; sourceTree = "<group>"; };
		28E2C8E81512BB8D000C87CC /* SBJsonParser.m */ = {isa = PBXFileReference; fileEncoding = 4; lastKnownFileType = sourcecode.c.objc; path = SBJsonParser.m; sourceTree = "<group>"; };
		28E2C8E91512BB8D000C87CC /* SBJsonWriter.h */ = {isa = PBXFileReference; fileEncoding = 4; lastKnownFileType = sourcecode.c.h; path = SBJsonWriter.h; sourceTree = "<group>"; };
		28E2C8EA1512BB8D000C87CC /* SBJsonWriter.m */ = {isa = PBXFileReference; fileEncoding = 4; lastKnownFileType = sourcecode.c.objc; path = SBJsonWriter.m; sourceTree = "<group>"; };
		28E2C8F91512CC01000C87CC /* RTMovie.h */ = {isa = PBXFileReference; fileEncoding = 4; lastKnownFileType = sourcecode.c.h; path = RTMovie.h; sourceTree = "<group>"; };
		28E2C8FA1512CC01000C87CC /* RTMovie.m */ = {isa = PBXFileReference; fileEncoding = 4; lastKnownFileType = sourcecode.c.objc; path = RTMovie.m; sourceTree = "<group>"; };
		28E2C8FF1512D39F000C87CC /* RTActor.h */ = {isa = PBXFileReference; fileEncoding = 4; lastKnownFileType = sourcecode.c.h; path = RTActor.h; sourceTree = "<group>"; };
		28E2C9001512D39F000C87CC /* RTActor.m */ = {isa = PBXFileReference; fileEncoding = 4; lastKnownFileType = sourcecode.c.objc; path = RTActor.m; sourceTree = "<group>"; };
/* End PBXFileReference section */

/* Begin PBXFrameworksBuildPhase section */
		289FE77E1511A117008E548B /* Frameworks */ = {
			isa = PBXFrameworksBuildPhase;
			buildActionMask = 2147483647;
			files = (
				283F59A3151643AB001D0576 /* MessageUI.framework in Frameworks */,
				283F59A1151643A4001D0576 /* Security.framework in Frameworks */,
				28E2C8C41512B681000C87CC /* libxml2.dylib in Frameworks */,
				28E2C8C21512B60A000C87CC /* libxml2.2.7.3.dylib in Frameworks */,
				28E2C8BE1512B5EE000C87CC /* libz.dylib in Frameworks */,
				289FE78A1511A117008E548B /* CoreGraphics.framework in Frameworks */,
				28E2C8BC1512B5C8000C87CC /* MobileCoreServices.framework in Frameworks */,
				28E2C8BA1512B5C1000C87CC /* SystemConfiguration.framework in Frameworks */,
				28E2C8B81512B5B8000C87CC /* CFNetwork.framework in Frameworks */,
				28E2C8341512AF38000C87CC /* CoreData.framework in Frameworks */,
				28E2C8321512AF17000C87CC /* QuartzCore.framework in Frameworks */,
				289FE7861511A117008E548B /* UIKit.framework in Frameworks */,
				289FE7881511A117008E548B /* Foundation.framework in Frameworks */,
			);
			runOnlyForDeploymentPostprocessing = 0;
		};
		289FE7981511A117008E548B /* Frameworks */ = {
			isa = PBXFrameworksBuildPhase;
			buildActionMask = 2147483647;
			files = (
				289FE79E1511A117008E548B /* SenTestingKit.framework in Frameworks */,
				289FE79F1511A117008E548B /* UIKit.framework in Frameworks */,
				289FE7A01511A117008E548B /* Foundation.framework in Frameworks */,
			);
			runOnlyForDeploymentPostprocessing = 0;
		};
/* End PBXFrameworksBuildPhase section */

/* Begin PBXGroup section */
		283F59D71516805C001D0576 /* oauthconsumer */ = {
			isa = PBXGroup;
			children = (
				283F59D81516805D001D0576 /* Categories */,
				283F59DF1516805D001D0576 /* Crypto */,
				283F59E61516805D001D0576 /* OAAttachment.h */,
				283F59E71516805D001D0576 /* OAAttachment.m */,
				283F59E81516805D001D0576 /* OACall.h */,
				283F59E91516805D001D0576 /* OACall.m */,
				283F59EA1516805D001D0576 /* OAConsumer.h */,
				283F59EB1516805D001D0576 /* OAConsumer.m */,
				283F59EC1516805D001D0576 /* OADataFetcher.h */,
				283F59ED1516805D001D0576 /* OADataFetcher.m */,
				283F59EE1516805D001D0576 /* OAHMAC_SHA1SignatureProvider.h */,
				283F59EF1516805D001D0576 /* OAHMAC_SHA1SignatureProvider.m */,
				283F59F01516805D001D0576 /* OAMutableURLRequest.h */,
				283F59F11516805D001D0576 /* OAMutableURLRequest.m */,
				283F59F21516805D001D0576 /* OAPlaintextSignatureProvider.h */,
				283F59F31516805D001D0576 /* OAPlaintextSignatureProvider.m */,
				283F59F41516805D001D0576 /* OAProblem.h */,
				283F59F51516805D001D0576 /* OAProblem.m */,
				283F59F61516805D001D0576 /* OARequestParameter.h */,
				283F59F71516805D001D0576 /* OARequestParameter.m */,
				283F59F81516805D001D0576 /* OAServiceTicket.h */,
				283F59F91516805D001D0576 /* OAServiceTicket.m */,
				283F59FA1516805D001D0576 /* OASignatureProviding.h */,
				283F59FB1516805D001D0576 /* OATestServer.rb */,
				283F59FC1516805D001D0576 /* OAToken.h */,
				283F59FD1516805D001D0576 /* OAToken.m */,
				283F59FE1516805D001D0576 /* OATokenManager.h */,
				283F59FF1516805D001D0576 /* OATokenManager.m */,
				283F5A001516805D001D0576 /* OAuthConsumer.h */,
				283F5A011516805D001D0576 /* README */,
			);
			path = oauthconsumer;
			sourceTree = "<group>";
		};
		283F59D81516805D001D0576 /* Categories */ = {
			isa = PBXGroup;
			children = (
				283F59D91516805D001D0576 /* NSMutableURLRequest+Parameters.h */,
				283F59DA1516805D001D0576 /* NSMutableURLRequest+Parameters.m */,
				283F59DB1516805D001D0576 /* NSString+URLEncoding.h */,
				283F59DC1516805D001D0576 /* NSString+URLEncoding.m */,
				283F59DD1516805D001D0576 /* NSURL+Base.h */,
				283F59DE1516805D001D0576 /* NSURL+Base.m */,
			);
			path = Categories;
			sourceTree = "<group>";
		};
		283F59DF1516805D001D0576 /* Crypto */ = {
			isa = PBXGroup;
			children = (
				283F59E01516805D001D0576 /* Base64Transcoder.c */,
				283F59E11516805D001D0576 /* Base64Transcoder.h */,
				283F59E21516805D001D0576 /* hmac.c */,
				283F59E31516805D001D0576 /* hmac.h */,
				283F59E41516805D001D0576 /* sha1.c */,
				283F59E51516805D001D0576 /* sha1.h */,
			);
			path = Crypto;
			sourceTree = "<group>";
		};
		283F5A1615168077001D0576 /* Twitter */ = {
			isa = PBXGroup;
			children = (
				283F5A3515168252001D0576 /* UIAlertView+UIAlertView_Helper.h */,
				283F5A3615168253001D0576 /* UIAlertView+UIAlertView_Helper.m */,
				283F5A29151680D7001D0576 /* TwitterAccessor.h */,
				283F5A2A151680D7001D0576 /* TwitterAccessor.m */,
				283F5A2C151680D7001D0576 /* TwitterAuthViewController.h */,
				283F5A2D151680D7001D0576 /* TwitterAuthViewController.m */,
				283F5A5A15168B4E001D0576 /* TwitterAuthView.xib */,
			);
			path = Twitter;
			sourceTree = "<group>";
		};
		283F5A17151680BA001D0576 /* Facebook */ = {
			isa = PBXGroup;
			children = (
				283F5A18151680BC001D0576 /* FacebookAccessor.h */,
				283F5A19151680BC001D0576 /* FacebookAccessor.m */,
				283F5A6715169724001D0576 /* FacebookView.xib */,
			);
			path = Facebook;
			sourceTree = "<group>";
		};
		283F5A3E1516831D001D0576 /* Facebook */ = {
			isa = PBXGroup;
			children = (
				283F5A3F1516831E001D0576 /* Facebook.h */,
				283F5A401516831E001D0576 /* Facebook.m */,
				283F5A411516831E001D0576 /* FBConnect.h */,
				283F5A421516831E001D0576 /* FBDialog.bundle */,
				283F5A431516831E001D0576 /* FBDialog.h */,
				283F5A441516831E001D0576 /* FBDialog.m */,
				283F5A451516831E001D0576 /* FBLoginDialog.h */,
				283F5A461516831E001D0576 /* FBLoginDialog.m */,
				283F5A471516831E001D0576 /* FBRequest.h */,
				283F5A481516831E001D0576 /* FBRequest.m */,
				283F5A491516831E001D0576 /* JSON */,
			);
			name = Facebook;
			path = src;
			sourceTree = "<group>";
		};
		283F5A491516831E001D0576 /* JSON */ = {
			isa = PBXGroup;
			children = (
			);
			path = JSON;
			sourceTree = "<group>";
		};
		289FE7761511A116008E548B = {
			isa = PBXGroup;
			children = (
				283F5A6F1516C364001D0576 /* Default@2x.png */,
				283F5A6D1516C350001D0576 /* Default.png */,
				283F5A6B1516A639001D0576 /* 114.png */,
				283F5A691516A61E001D0576 /* 57.png */,
				289FE78B1511A117008E548B /* RottroMovies */,
				289FE7A31511A117008E548B /* RottroMoviesTests */,
				289FE7841511A117008E548B /* Frameworks */,
				289FE7821511A117008E548B /* Products */,
			);
			sourceTree = "<group>";
		};
		289FE7821511A117008E548B /* Products */ = {
			isa = PBXGroup;
			children = (
				289FE7811511A117008E548B /* RottroMovies.app */,
				289FE79C1511A117008E548B /* RottroMoviesTests.octest */,
			);
			name = Products;
			sourceTree = "<group>";
		};
		289FE7841511A117008E548B /* Frameworks */ = {
			isa = PBXGroup;
			children = (
				28E2C7F81512ADDF000C87CC /* external */,
				283F59A2151643AB001D0576 /* MessageUI.framework */,
				283F59A0151643A3001D0576 /* Security.framework */,
				28E2C8C31512B681000C87CC /* libxml2.dylib */,
				28E2C8C11512B60A000C87CC /* libxml2.2.7.3.dylib */,
				28E2C8BD1512B5ED000C87CC /* libz.dylib */,
				28E2C8BB1512B5C8000C87CC /* MobileCoreServices.framework */,
				28E2C8B91512B5C1000C87CC /* SystemConfiguration.framework */,
				28E2C8B71512B5B8000C87CC /* CFNetwork.framework */,
				28E2C8331512AF38000C87CC /* CoreData.framework */,
				28E2C8311512AF17000C87CC /* QuartzCore.framework */,
				289FE7851511A117008E548B /* UIKit.framework */,
				289FE7871511A117008E548B /* Foundation.framework */,
				289FE7891511A117008E548B /* CoreGraphics.framework */,
				289FE79D1511A117008E548B /* SenTestingKit.framework */,
			);
			name = Frameworks;
			sourceTree = "<group>";
		};
		289FE78B1511A117008E548B /* RottroMovies */ = {
			isa = PBXGroup;
			children = (
				289FE7B51511A1A1008E548B /* Model */,
				28E2C8D71512BAA1000C87CC /* Helpers */,
				289FE7B41511A1A1008E548B /* Controllers */,
				289FE7B81511A1A1008E548B /* Views */,
				289FE7941511A117008E548B /* AppDelegate.h */,
				289FE7951511A117008E548B /* AppDelegate.m */,
				289FE7B61511A1A1008E548B /* Resources */,
				289FE78C1511A117008E548B /* Supporting Files */,
			);
			path = RottroMovies;
			sourceTree = "<group>";
		};
		289FE78C1511A117008E548B /* Supporting Files */ = {
			isa = PBXGroup;
			children = (
				289FE78D1511A117008E548B /* RottroMovies-Info.plist */,
				289FE78E1511A117008E548B /* InfoPlist.strings */,
				289FE7911511A117008E548B /* main.m */,
				289FE7931511A117008E548B /* RottroMovies-Prefix.pch */,
			);
			name = "Supporting Files";
			sourceTree = "<group>";
		};
		289FE7A31511A117008E548B /* RottroMoviesTests */ = {
			isa = PBXGroup;
			children = (
				289FE7A91511A117008E548B /* RottenTomatoesInterfaceTests.h */,
				289FE7AA1511A117008E548B /* RottenTomatoesInterfaceTests.m */,
				289FE7A41511A117008E548B /* Supporting Files */,
			);
			path = RottroMoviesTests;
			sourceTree = "<group>";
		};
		289FE7A41511A117008E548B /* Supporting Files */ = {
			isa = PBXGroup;
			children = (
				289FE7A51511A117008E548B /* RottroMoviesTests-Info.plist */,
				289FE7A61511A117008E548B /* InfoPlist.strings */,
			);
			name = "Supporting Files";
			sourceTree = "<group>";
		};
		289FE7B41511A1A1008E548B /* Controllers */ = {
			isa = PBXGroup;
			children = (
				28E2C7E315125D85000C87CC /* MovieListViewController.h */,
				28E2C7E415125D85000C87CC /* MovieListViewController.m */,
				28E2C7E615126283000C87CC /* MovieCellController.h */,
				28E2C7E715126283000C87CC /* MovieCellController.m */,
				283F58A61512EE79001D0576 /* MovieDetailsViewController.h */,
				283F58A71512EE79001D0576 /* MovieDetailsViewController.m */,
				283F58AC15136CD2001D0576 /* LineViewController.h */,
				283F58AD15136CD2001D0576 /* LineViewController.m */,
				283F58AF15137707001D0576 /* ActorsViewController.h */,
				283F58B015137707001D0576 /* ActorsViewController.m */,
				283F59AE15164BB5001D0576 /* FavoriteListViewController.h */,
				283F59AF15164BB5001D0576 /* FavoriteListViewController.m */,
				283F59BA15165696001D0576 /* FavoriteCellController.h */,
				283F59BB15165697001D0576 /* FavoriteCellController.m */,
			);
			path = Controllers;
			sourceTree = "<group>";
		};
		289FE7B51511A1A1008E548B /* Model */ = {
			isa = PBXGroup;
			children = (
				283F59A4151647B8001D0576 /* Model.xcdatamodeld */,
				283F59CA15166498001D0576 /* Favorite.h */,
				283F59CB15166498001D0576 /* Favorite.m */,
				283F59CD1516651A001D0576 /* FavoriteModel.h */,
				283F59CE1516651A001D0576 /* FavoriteModel.m */,
			);
			path = Model;
			sourceTree = "<group>";
		};
		289FE7B61511A1A1008E548B /* Resources */ = {
			isa = PBXGroup;
			children = (
				289FE7B71511A1A1008E548B /* images */,
			);
			path = Resources;
			sourceTree = "<group>";
		};
		289FE7B71511A1A1008E548B /* images */ = {
			isa = PBXGroup;
			children = (
				283F59D315167D17001D0576 /* Facebook.png */,
				283F59D415167D17001D0576 /* Facebook@2x.png */,
				283F59C5151660B1001D0576 /* Add.png */,
				283F59BD15165B7C001D0576 /* Fresh.png */,
				283F59BE15165B7C001D0576 /* Fresh@2x.png */,
				283F59BF15165B7C001D0576 /* Rotten.png */,
				283F59C015165B7C001D0576 /* Rotten@2x.png */,
				283F59B6151654A8001D0576 /* Cross.png */,
				283F59B7151654A8001D0576 /* loading.png */,
				283F58C11516344D001D0576 /* Twitter Icones-02.png */,
				283F58BF15163446001D0576 /* Twitter Icones-02@2x.png */,
				283F58BB151633B0001D0576 /* Twitter.png */,
				283F58BC151633B0001D0576 /* Twitter@2x.png */,
				283F58B415138233001D0576 /* Perfil User-03.png */,
				283F58B21513822B001D0576 /* Perfil User-03@2x.png */,
				28E2C7EB15126494000C87CC /* g.png */,
				28E2C7EC15126494000C87CC /* nc_17.png */,
				28E2C7ED15126494000C87CC /* pg_13.png */,
				28E2C7EE15126494000C87CC /* pg.png */,
				28E2C7EF15126494000C87CC /* r.png */,
			);
			path = images;
			sourceTree = "<group>";
		};
		289FE7B81511A1A1008E548B /* Views */ = {
			isa = PBXGroup;
			children = (
				28E2C734151244CB000C87CC /* MovieListView.xib */,
				28E2C7E1151255F0000C87CC /* FavoriteListView.xib */,
				28E2C7E915126296000C87CC /* MovieCellView.xib */,
				283F58AA1512F272001D0576 /* MovieDetailsView.xib */,
				283F59B4151653B8001D0576 /* FavoriteCellView.xib */,
			);
			path = Views;
			sourceTree = "<group>";
		};
		28E2C7F81512ADDF000C87CC /* external */ = {
			isa = PBXGroup;
			children = (
				283F5A3E1516831D001D0576 /* Facebook */,
				283F59D71516805C001D0576 /* oauthconsumer */,
				28E2C8DC1512BB8D000C87CC /* JSON */,
				28E2C8391512B501000C87CC /* ASIHTTPRequest */,
				28E2C7FF1512AEE5000C87CC /* ActiveRecord */,
				28E2C80D1512AEE5000C87CC /* SDWebImage */,
				28E2C81E1512AEE5000C87CC /* SVProgressHUD */,
				28E2C7F91512AEBA000C87CC /* PullToRefresh */,
			);
			name = external;
			sourceTree = "<group>";
		};
		28E2C7F91512AEBA000C87CC /* PullToRefresh */ = {
			isa = PBXGroup;
			children = (
				28E2C7FA1512AEBA000C87CC /* arrow.png */,
				28E2C7FB1512AEBA000C87CC /* PullRefreshTableViewController.h */,
				28E2C7FC1512AEBA000C87CC /* PullRefreshTableViewController.m */,
			);
			path = PullToRefresh;
			sourceTree = "<group>";
		};
		28E2C7FF1512AEE5000C87CC /* ActiveRecord */ = {
			isa = PBXGroup;
			children = (
				28E2C8001512AEE5000C87CC /* ActiveRecordHelpers.h */,
				28E2C8011512AEE5000C87CC /* ActiveRecordHelpers.m */,
				28E2C8021512AEE5000C87CC /* CoreData+ActiveRecordFetching.h */,
				28E2C8031512AEE5000C87CC /* NSManagedObject+ActiveRecord.h */,
				28E2C8041512AEE5000C87CC /* NSManagedObject+ActiveRecord.m */,
				28E2C8051512AEE5000C87CC /* NSManagedObjectContext+ActiveRecord.h */,
				28E2C8061512AEE5000C87CC /* NSManagedObjectContext+ActiveRecord.m */,
				28E2C8071512AEE5000C87CC /* NSManagedObjectModel+ActiveRecord.h */,
				28E2C8081512AEE5000C87CC /* NSManagedObjectModel+ActiveRecord.m */,
				28E2C8091512AEE5000C87CC /* NSPersistentStore+ActiveRecord.h */,
				28E2C80A1512AEE5000C87CC /* NSPersistentStore+ActiveRecord.m */,
				28E2C80B1512AEE5000C87CC /* NSPersistentStoreCoordinator+ActiveRecord.h */,
				28E2C80C1512AEE5000C87CC /* NSPersistentStoreCoordinator+ActiveRecord.m */,
			);
			path = ActiveRecord;
			sourceTree = "<group>";
		};
		28E2C80D1512AEE5000C87CC /* SDWebImage */ = {
			isa = PBXGroup;
			children = (
				28E2C80E1512AEE5000C87CC /* LICENSE */,
				28E2C80F1512AEE5000C87CC /* README.md */,
				28E2C8101512AEE5000C87CC /* SDImageCache.h */,
				28E2C8111512AEE5000C87CC /* SDImageCache.m */,
				28E2C8121512AEE5000C87CC /* SDImageCacheDelegate.h */,
				28E2C8131512AEE5000C87CC /* SDWebImageCompat.h */,
				28E2C8141512AEE5000C87CC /* SDWebImageDownloader.h */,
				28E2C8151512AEE5000C87CC /* SDWebImageDownloader.m */,
				28E2C8161512AEE5000C87CC /* SDWebImageDownloaderDelegate.h */,
				28E2C8171512AEE5000C87CC /* SDWebImageManager.h */,
				28E2C8181512AEE5000C87CC /* SDWebImageManager.m */,
				28E2C8191512AEE5000C87CC /* SDWebImageManagerDelegate.h */,
				28E2C81A1512AEE5000C87CC /* UIButton+WebCache.h */,
				28E2C81B1512AEE5000C87CC /* UIButton+WebCache.m */,
				28E2C81C1512AEE5000C87CC /* UIImageView+WebCache.h */,
				28E2C81D1512AEE5000C87CC /* UIImageView+WebCache.m */,
			);
			path = SDWebImage;
			sourceTree = "<group>";
		};
		28E2C81E1512AEE5000C87CC /* SVProgressHUD */ = {
			isa = PBXGroup;
			children = (
				28E2C81F1512AEE5000C87CC /* SVProgressHUD.bundle */,
				28E2C8201512AEE5000C87CC /* SVProgressHUD.h */,
				28E2C8211512AEE5000C87CC /* SVProgressHUD.m */,
			);
			path = SVProgressHUD;
			sourceTree = "<group>";
		};
		28E2C8391512B501000C87CC /* ASIHTTPRequest */ = {
			isa = PBXGroup;
			children = (
				28E2C8B11512B51E000C87CC /* Reachability */,
				28E2C83A1512B501000C87CC /* ASIAuthenticationDialog.h */,
				28E2C83B1512B501000C87CC /* ASIAuthenticationDialog.m */,
				28E2C83C1512B501000C87CC /* ASICacheDelegate.h */,
				28E2C83D1512B501000C87CC /* ASIDataCompressor.h */,
				28E2C83E1512B501000C87CC /* ASIDataCompressor.m */,
				28E2C83F1512B501000C87CC /* ASIDataDecompressor.h */,
				28E2C8401512B501000C87CC /* ASIDataDecompressor.m */,
				28E2C8411512B501000C87CC /* ASIDownloadCache.h */,
				28E2C8421512B501000C87CC /* ASIDownloadCache.m */,
				28E2C8431512B501000C87CC /* ASIFormDataRequest.h */,
				28E2C8441512B501000C87CC /* ASIFormDataRequest.m */,
				28E2C8451512B501000C87CC /* ASIHTTPRequest.h */,
				28E2C8461512B501000C87CC /* ASIHTTPRequest.m */,
				28E2C8471512B501000C87CC /* ASIHTTPRequestConfig.h */,
				28E2C8481512B501000C87CC /* ASIHTTPRequestDelegate.h */,
				28E2C8491512B501000C87CC /* ASIInputStream.h */,
				28E2C84A1512B501000C87CC /* ASIInputStream.m */,
				28E2C84B1512B501000C87CC /* ASINetworkQueue.h */,
				28E2C84C1512B501000C87CC /* ASINetworkQueue.m */,
				28E2C84D1512B501000C87CC /* ASIProgressDelegate.h */,
				28E2C84E1512B501000C87CC /* ASIWebPageRequest */,
			);
			name = ASIHTTPRequest;
			path = Classes;
			sourceTree = "<group>";
		};
		28E2C84E1512B501000C87CC /* ASIWebPageRequest */ = {
			isa = PBXGroup;
			children = (
				28E2C84F1512B501000C87CC /* ASIWebPageRequest.h */,
				28E2C8501512B501000C87CC /* ASIWebPageRequest.m */,
			);
			path = ASIWebPageRequest;
			sourceTree = "<group>";
		};
		28E2C8B11512B51E000C87CC /* Reachability */ = {
			isa = PBXGroup;
			children = (
				28E2C8B21512B51E000C87CC /* Reachability.h */,
				28E2C8B31512B51E000C87CC /* Reachability.m */,
			);
			path = Reachability;
			sourceTree = "<group>";
		};
		28E2C8D71512BAA1000C87CC /* Helpers */ = {
			isa = PBXGroup;
			children = (
				283F5A5C15168CE3001D0576 /* SocialShareViewController.h */,
				283F5A5D15168CE4001D0576 /* SocialShareViewController.m */,
				283F5A5F15168E7D001D0576 /* SocialShareViewController.xib */,
				283F5A17151680BA001D0576 /* Facebook */,
				283F5A1615168077001D0576 /* Twitter */,
				28E2C8C51512B80A000C87CC /* Constants.h */,
				28E2C8D81512BAC2000C87CC /* RottenTomatoesInterface.h */,
				28E2C8D91512BAC2000C87CC /* RottenTomatoesInterface.m */,
				28E2C8F91512CC01000C87CC /* RTMovie.h */,
				28E2C8FA1512CC01000C87CC /* RTMovie.m */,
				28E2C8FF1512D39F000C87CC /* RTActor.h */,
				28E2C9001512D39F000C87CC /* RTActor.m */,
			);
			name = Helpers;
			sourceTree = "<group>";
		};
		28E2C8DC1512BB8D000C87CC /* JSON */ = {
			isa = PBXGroup;
			children = (
				28E2C8DD1512BB8D000C87CC /* CREDITS */,
				28E2C8DE1512BB8D000C87CC /* JSON.h */,
				28E2C8DF1512BB8D000C87CC /* NSObject+SBJSON.h */,
				28E2C8E01512BB8D000C87CC /* NSObject+SBJSON.m */,
				28E2C8E11512BB8D000C87CC /* NSString+SBJSON.h */,
				28E2C8E21512BB8D000C87CC /* NSString+SBJSON.m */,
				28E2C8E31512BB8D000C87CC /* SBJSON.h */,
				28E2C8E41512BB8D000C87CC /* SBJSON.m */,
				28E2C8E51512BB8D000C87CC /* SBJsonBase.h */,
				28E2C8E61512BB8D000C87CC /* SBJsonBase.m */,
				28E2C8E71512BB8D000C87CC /* SBJsonParser.h */,
				28E2C8E81512BB8D000C87CC /* SBJsonParser.m */,
				28E2C8E91512BB8D000C87CC /* SBJsonWriter.h */,
				28E2C8EA1512BB8D000C87CC /* SBJsonWriter.m */,
			);
			path = JSON;
			sourceTree = "<group>";
		};
/* End PBXGroup section */

/* Begin PBXNativeTarget section */
		289FE7801511A117008E548B /* RottroMovies */ = {
			isa = PBXNativeTarget;
			buildConfigurationList = 289FE7AE1511A117008E548B /* Build configuration list for PBXNativeTarget "RottroMovies" */;
			buildPhases = (
				289FE77D1511A117008E548B /* Sources */,
				289FE77E1511A117008E548B /* Frameworks */,
				289FE77F1511A117008E548B /* Resources */,
			);
			buildRules = (
			);
			dependencies = (
			);
			name = RottroMovies;
			productName = RottroMovies;
			productReference = 289FE7811511A117008E548B /* RottroMovies.app */;
			productType = "com.apple.product-type.application";
		};
		289FE79B1511A117008E548B /* RottroMoviesTests */ = {
			isa = PBXNativeTarget;
			buildConfigurationList = 289FE7B11511A117008E548B /* Build configuration list for PBXNativeTarget "RottroMoviesTests" */;
			buildPhases = (
				289FE7971511A117008E548B /* Sources */,
				289FE7981511A117008E548B /* Frameworks */,
				289FE7991511A117008E548B /* Resources */,
				289FE79A1511A117008E548B /* ShellScript */,
			);
			buildRules = (
			);
			dependencies = (
				289FE7A21511A117008E548B /* PBXTargetDependency */,
			);
			name = RottroMoviesTests;
			productName = RottroMoviesTests;
			productReference = 289FE79C1511A117008E548B /* RottroMoviesTests.octest */;
			productType = "com.apple.product-type.bundle";
		};
/* End PBXNativeTarget section */

/* Begin PBXProject section */
		289FE7781511A116008E548B /* Project object */ = {
			isa = PBXProject;
			attributes = {
				LastUpgradeCheck = 0430;
			};
			buildConfigurationList = 289FE77B1511A116008E548B /* Build configuration list for PBXProject "RottroMovies" */;
			compatibilityVersion = "Xcode 3.2";
			developmentRegion = English;
			hasScannedForEncodings = 0;
			knownRegions = (
				en,
				de,
			);
			mainGroup = 289FE7761511A116008E548B;
			productRefGroup = 289FE7821511A117008E548B /* Products */;
			projectDirPath = "";
			projectRoot = "";
			targets = (
				289FE7801511A117008E548B /* RottroMovies */,
				289FE79B1511A117008E548B /* RottroMoviesTests */,
			);
		};
/* End PBXProject section */

/* Begin PBXResourcesBuildPhase section */
		289FE77F1511A117008E548B /* Resources */ = {
			isa = PBXResourcesBuildPhase;
			buildActionMask = 2147483647;
			files = (
				289FE7901511A117008E548B /* InfoPlist.strings in Resources */,
				28E2C735151244CB000C87CC /* MovieListView.xib in Resources */,
				28E2C7E2151255F0000C87CC /* FavoriteListView.xib in Resources */,
				28E2C7EA15126297000C87CC /* MovieCellView.xib in Resources */,
				28E2C7F015126494000C87CC /* g.png in Resources */,
				28E2C7F115126494000C87CC /* nc_17.png in Resources */,
				28E2C7F215126494000C87CC /* pg_13.png in Resources */,
				28E2C7F315126494000C87CC /* pg.png in Resources */,
				28E2C7F415126494000C87CC /* r.png in Resources */,
				28E2C7FD1512AEBA000C87CC /* arrow.png in Resources */,
				28E2C8281512AEE5000C87CC /* LICENSE in Resources */,
				28E2C8291512AEE5000C87CC /* README.md in Resources */,
				28E2C82F1512AEE5000C87CC /* SVProgressHUD.bundle in Resources */,
				28E2C8EB1512BB8D000C87CC /* CREDITS in Resources */,
				283F58AB1512F272001D0576 /* MovieDetailsView.xib in Resources */,
				283F58B31513822B001D0576 /* Perfil User-03@2x.png in Resources */,
				283F58B515138233001D0576 /* Perfil User-03.png in Resources */,
				283F58BD151633B0001D0576 /* Twitter.png in Resources */,
				283F58BE151633B0001D0576 /* Twitter@2x.png in Resources */,
				283F58C015163446001D0576 /* Twitter Icones-02@2x.png in Resources */,
				283F58C21516344D001D0576 /* Twitter Icones-02.png in Resources */,
				283F59B5151653B8001D0576 /* FavoriteCellView.xib in Resources */,
				283F59B8151654A8001D0576 /* Cross.png in Resources */,
				283F59B9151654A8001D0576 /* loading.png in Resources */,
				283F59C115165B7C001D0576 /* Fresh.png in Resources */,
				283F59C215165B7C001D0576 /* Fresh@2x.png in Resources */,
				283F59C315165B7C001D0576 /* Rotten.png in Resources */,
				283F59C415165B7C001D0576 /* Rotten@2x.png in Resources */,
				283F59C6151660B1001D0576 /* Add.png in Resources */,
				283F59D515167D17001D0576 /* Facebook.png in Resources */,
				283F59D615167D17001D0576 /* Facebook@2x.png in Resources */,
				283F5A121516805D001D0576 /* OATestServer.rb in Resources */,
				283F5A151516805D001D0576 /* README in Resources */,
				283F5A5B15168B4F001D0576 /* TwitterAuthView.xib in Resources */,
				283F5A6015168E7E001D0576 /* SocialShareViewController.xib in Resources */,
				283F5A6815169724001D0576 /* FacebookView.xib in Resources */,
				283F5A6A1516A626001D0576 /* 57.png in Resources */,
				283F5A6C1516A63B001D0576 /* 114.png in Resources */,
				283F5A6E1516C356001D0576 /* Default.png in Resources */,
				283F5A701516C369001D0576 /* Default@2x.png in Resources */,
			);
			runOnlyForDeploymentPostprocessing = 0;
		};
		289FE7991511A117008E548B /* Resources */ = {
			isa = PBXResourcesBuildPhase;
			buildActionMask = 2147483647;
			files = (
				289FE7A81511A117008E548B /* InfoPlist.strings in Resources */,
				28E2C8EC1512BB8D000C87CC /* CREDITS in Resources */,
				283F5A4B1516831E001D0576 /* FBDialog.bundle in Resources */,
			);
			runOnlyForDeploymentPostprocessing = 0;
		};
/* End PBXResourcesBuildPhase section */

/* Begin PBXShellScriptBuildPhase section */
		289FE79A1511A117008E548B /* ShellScript */ = {
			isa = PBXShellScriptBuildPhase;
			buildActionMask = 2147483647;
			files = (
			);
			inputPaths = (
			);
			outputPaths = (
			);
			runOnlyForDeploymentPostprocessing = 0;
			shellPath = /bin/sh;
			shellScript = "# Run the unit tests in this test bundle.\n\"${SYSTEM_DEVELOPER_DIR}/Tools/RunUnitTests\"\n";
		};
/* End PBXShellScriptBuildPhase section */

/* Begin PBXSourcesBuildPhase section */
		289FE77D1511A117008E548B /* Sources */ = {
			isa = PBXSourcesBuildPhase;
			buildActionMask = 2147483647;
			files = (
				283F5A6115169149001D0576 /* SocialShareViewController.m in Sources */,
				283F5A521516857E001D0576 /* Facebook.m in Sources */,
				283F5A531516857E001D0576 /* FBDialog.m in Sources */,
				283F5A541516857E001D0576 /* FBLoginDialog.m in Sources */,
				283F5A551516857E001D0576 /* FBRequest.m in Sources */,
				283F5A4F15168562001D0576 /* UIAlertView+UIAlertView_Helper.m in Sources */,
				283F5A5015168562001D0576 /* TwitterAccessor.m in Sources */,
				283F5A5115168562001D0576 /* TwitterAuthViewController.m in Sources */,
				289FE7921511A117008E548B /* main.m in Sources */,
				289FE7961511A117008E548B /* AppDelegate.m in Sources */,
				28E2C7E515125D85000C87CC /* MovieListViewController.m in Sources */,
				28E2C7E815126283000C87CC /* MovieCellController.m in Sources */,
				28E2C7FE1512AEBA000C87CC /* PullRefreshTableViewController.m in Sources */,
				28E2C8221512AEE5000C87CC /* ActiveRecordHelpers.m in Sources */,
				28E2C8231512AEE5000C87CC /* NSManagedObject+ActiveRecord.m in Sources */,
				28E2C8241512AEE5000C87CC /* NSManagedObjectContext+ActiveRecord.m in Sources */,
				28E2C8251512AEE5000C87CC /* NSManagedObjectModel+ActiveRecord.m in Sources */,
				28E2C8261512AEE5000C87CC /* NSPersistentStore+ActiveRecord.m in Sources */,
				28E2C8271512AEE5000C87CC /* NSPersistentStoreCoordinator+ActiveRecord.m in Sources */,
				28E2C82A1512AEE5000C87CC /* SDImageCache.m in Sources */,
				28E2C82B1512AEE5000C87CC /* SDWebImageDownloader.m in Sources */,
				28E2C82C1512AEE5000C87CC /* SDWebImageManager.m in Sources */,
				28E2C82D1512AEE5000C87CC /* UIButton+WebCache.m in Sources */,
				28E2C82E1512AEE5000C87CC /* UIImageView+WebCache.m in Sources */,
				28E2C8301512AEE5000C87CC /* SVProgressHUD.m in Sources */,
				28E2C88C1512B501000C87CC /* ASIAuthenticationDialog.m in Sources */,
				28E2C88D1512B501000C87CC /* ASIDataCompressor.m in Sources */,
				28E2C88E1512B501000C87CC /* ASIDataDecompressor.m in Sources */,
				28E2C88F1512B501000C87CC /* ASIDownloadCache.m in Sources */,
				28E2C8901512B501000C87CC /* ASIFormDataRequest.m in Sources */,
				28E2C8911512B501000C87CC /* ASIHTTPRequest.m in Sources */,
				28E2C8921512B501000C87CC /* ASIInputStream.m in Sources */,
				28E2C8931512B501000C87CC /* ASINetworkQueue.m in Sources */,
				28E2C8941512B501000C87CC /* ASIWebPageRequest.m in Sources */,
				28E2C8B41512B51E000C87CC /* Reachability.m in Sources */,
				28E2C8DA1512BAC2000C87CC /* RottenTomatoesInterface.m in Sources */,
				28E2C8ED1512BB8D000C87CC /* NSObject+SBJSON.m in Sources */,
				28E2C8EF1512BB8D000C87CC /* NSString+SBJSON.m in Sources */,
				28E2C8F11512BB8D000C87CC /* SBJSON.m in Sources */,
				28E2C8F31512BB8D000C87CC /* SBJsonBase.m in Sources */,
				28E2C8F51512BB8D000C87CC /* SBJsonParser.m in Sources */,
				28E2C8F71512BB8D000C87CC /* SBJsonWriter.m in Sources */,
				28E2C8FB1512CC01000C87CC /* RTMovie.m in Sources */,
				28E2C9011512D39F000C87CC /* RTActor.m in Sources */,
				283F58A81512EE79001D0576 /* MovieDetailsViewController.m in Sources */,
				283F58AE15136CD2001D0576 /* LineViewController.m in Sources */,
				283F58B115137707001D0576 /* ActorsViewController.m in Sources */,
				283F59A6151647B8001D0576 /* Model.xcdatamodeld in Sources */,
				283F59B115164BB5001D0576 /* FavoriteListViewController.m in Sources */,
				283F59BC15165698001D0576 /* FavoriteCellController.m in Sources */,
				283F59CC15166498001D0576 /* Favorite.m in Sources */,
				283F59CF1516651A001D0576 /* FavoriteModel.m in Sources */,
				283F5A021516805D001D0576 /* NSMutableURLRequest+Parameters.m in Sources */,
				283F5A031516805D001D0576 /* NSString+URLEncoding.m in Sources */,
				283F5A041516805D001D0576 /* NSURL+Base.m in Sources */,
				283F5A051516805D001D0576 /* Base64Transcoder.c in Sources */,
				283F5A061516805D001D0576 /* hmac.c in Sources */,
				283F5A071516805D001D0576 /* sha1.c in Sources */,
				283F5A081516805D001D0576 /* OAAttachment.m in Sources */,
				283F5A091516805D001D0576 /* OACall.m in Sources */,
				283F5A0A1516805D001D0576 /* OAConsumer.m in Sources */,
				283F5A0B1516805D001D0576 /* OADataFetcher.m in Sources */,
				283F5A0C1516805D001D0576 /* OAHMAC_SHA1SignatureProvider.m in Sources */,
				283F5A0D1516805D001D0576 /* OAMutableURLRequest.m in Sources */,
				283F5A0E1516805D001D0576 /* OAPlaintextSignatureProvider.m in Sources */,
				283F5A0F1516805D001D0576 /* OAProblem.m in Sources */,
				283F5A101516805D001D0576 /* OARequestParameter.m in Sources */,
				283F5A111516805D001D0576 /* OAServiceTicket.m in Sources */,
				283F5A131516805D001D0576 /* OAToken.m in Sources */,
				283F5A141516805D001D0576 /* OATokenManager.m in Sources */,
				283F5A22151680BC001D0576 /* FacebookAccessor.m in Sources */,
			);
			runOnlyForDeploymentPostprocessing = 0;
		};
		289FE7971511A117008E548B /* Sources */ = {
			isa = PBXSourcesBuildPhase;
			buildActionMask = 2147483647;
			files = (
				289FE7AB1511A117008E548B /* RottenTomatoesInterfaceTests.m in Sources */,
				28E2C8DB1512BAC2000C87CC /* RottenTomatoesInterface.m in Sources */,
				28E2C8EE1512BB8D000C87CC /* NSObject+SBJSON.m in Sources */,
				28E2C8F01512BB8D000C87CC /* NSString+SBJSON.m in Sources */,
				28E2C8F21512BB8D000C87CC /* SBJSON.m in Sources */,
				28E2C8F41512BB8D000C87CC /* SBJsonBase.m in Sources */,
				28E2C8F61512BB8D000C87CC /* SBJsonParser.m in Sources */,
				28E2C8F81512BB8D000C87CC /* SBJsonWriter.m in Sources */,
				283F5A31151680D7001D0576 /* TwitterAccessor.m in Sources */,
				283F5A33151680D7001D0576 /* TwitterAuthViewController.m in Sources */,
				283F5A3715168253001D0576 /* UIAlertView+UIAlertView_Helper.m in Sources */,
				283F5A4A1516831E001D0576 /* Facebook.m in Sources */,
				283F5A4C1516831E001D0576 /* FBDialog.m in Sources */,
				283F5A4D1516831E001D0576 /* FBLoginDialog.m in Sources */,
				283F5A4E1516831E001D0576 /* FBRequest.m in Sources */,
				283F5A5E15168CE5001D0576 /* SocialShareViewController.m in Sources */,
			);
			runOnlyForDeploymentPostprocessing = 0;
		};
/* End PBXSourcesBuildPhase section */

/* Begin PBXTargetDependency section */
		289FE7A21511A117008E548B /* PBXTargetDependency */ = {
			isa = PBXTargetDependency;
			target = 289FE7801511A117008E548B /* RottroMovies */;
			targetProxy = 289FE7A11511A117008E548B /* PBXContainerItemProxy */;
		};
/* End PBXTargetDependency section */

/* Begin PBXVariantGroup section */
		289FE78E1511A117008E548B /* InfoPlist.strings */ = {
			isa = PBXVariantGroup;
			children = (
				289FE78F1511A117008E548B /* en */,
			);
			name = InfoPlist.strings;
			sourceTree = "<group>";
		};
		289FE7A61511A117008E548B /* InfoPlist.strings */ = {
			isa = PBXVariantGroup;
			children = (
				289FE7A71511A117008E548B /* en */,
			);
			name = InfoPlist.strings;
			sourceTree = "<group>";
		};
/* End PBXVariantGroup section */

/* Begin XCBuildConfiguration section */
		289FE7AC1511A117008E548B /* Debug */ = {
			isa = XCBuildConfiguration;
			buildSettings = {
				ALWAYS_SEARCH_USER_PATHS = NO;
				ARCHS = "$(ARCHS_STANDARD_32_BIT)";
				"CODE_SIGN_IDENTITY[sdk=iphoneos*]" = "iPhone Developer";
				COPY_PHASE_STRIP = NO;
				GCC_C_LANGUAGE_STANDARD = gnu99;
				GCC_DYNAMIC_NO_PIC = NO;
				GCC_OPTIMIZATION_LEVEL = 0;
				GCC_PREPROCESSOR_DEFINITIONS = (
					"DEBUG=1",
					"$(inherited)",
				);
				GCC_SYMBOLS_PRIVATE_EXTERN = NO;
				GCC_VERSION = com.apple.compilers.llvm.clang.1_0;
				GCC_WARN_ABOUT_RETURN_TYPE = YES;
				GCC_WARN_UNINITIALIZED_AUTOS = YES;
				GCC_WARN_UNUSED_VARIABLE = YES;
				HEADER_SEARCH_PATHS = /usr/include/libxml2;
				IPHONEOS_DEPLOYMENT_TARGET = 5.0;
				SDKROOT = iphoneos;
			};
			name = Debug;
		};
		289FE7AD1511A117008E548B /* Release */ = {
			isa = XCBuildConfiguration;
			buildSettings = {
				ALWAYS_SEARCH_USER_PATHS = NO;
				ARCHS = "$(ARCHS_STANDARD_32_BIT)";
				"CODE_SIGN_IDENTITY[sdk=iphoneos*]" = "iPhone Developer";
				COPY_PHASE_STRIP = YES;
				GCC_C_LANGUAGE_STANDARD = gnu99;
				GCC_VERSION = com.apple.compilers.llvm.clang.1_0;
				GCC_WARN_ABOUT_RETURN_TYPE = YES;
				GCC_WARN_UNINITIALIZED_AUTOS = YES;
				GCC_WARN_UNUSED_VARIABLE = YES;
				HEADER_SEARCH_PATHS = /usr/include/libxml2;
				IPHONEOS_DEPLOYMENT_TARGET = 5.0;
				OTHER_CFLAGS = "-DNS_BLOCK_ASSERTIONS=1";
				SDKROOT = iphoneos;
				VALIDATE_PRODUCT = YES;
			};
			name = Release;
		};
		289FE7AF1511A117008E548B /* Debug */ = {
			isa = XCBuildConfiguration;
			buildSettings = {
				GCC_PRECOMPILE_PREFIX_HEADER = YES;
				GCC_PREFIX_HEADER = "RottroMovies/RottroMovies-Prefix.pch";
				INFOPLIST_FILE = "RottroMovies/RottroMovies-Info.plist";
				PRODUCT_NAME = "$(TARGET_NAME)";
				WRAPPER_EXTENSION = app;
			};
			name = Debug;
		};
		289FE7B01511A117008E548B /* Release */ = {
			isa = XCBuildConfiguration;
			buildSettings = {
				GCC_PRECOMPILE_PREFIX_HEADER = YES;
				GCC_PREFIX_HEADER = "RottroMovies/RottroMovies-Prefix.pch";
				INFOPLIST_FILE = "RottroMovies/RottroMovies-Info.plist";
				PRODUCT_NAME = "$(TARGET_NAME)";
				WRAPPER_EXTENSION = app;
			};
			name = Release;
		};
		289FE7B21511A117008E548B /* Debug */ = {
			isa = XCBuildConfiguration;
			buildSettings = {
				BUNDLE_LOADER = "$(BUILT_PRODUCTS_DIR)/RottroMovies.app/RottroMovies";
				FRAMEWORK_SEARCH_PATHS = (
					"$(SDKROOT)/Developer/Library/Frameworks",
					"$(DEVELOPER_LIBRARY_DIR)/Frameworks",
				);
				GCC_PRECOMPILE_PREFIX_HEADER = YES;
				GCC_PREFIX_HEADER = "RottroMovies/RottroMovies-Prefix.pch";
				INFOPLIST_FILE = "RottroMoviesTests/RottroMoviesTests-Info.plist";
				PRODUCT_NAME = "$(TARGET_NAME)";
				TEST_HOST = "$(BUNDLE_LOADER)";
				WRAPPER_EXTENSION = octest;
			};
			name = Debug;
		};
		289FE7B31511A117008E548B /* Release */ = {
			isa = XCBuildConfiguration;
			buildSettings = {
				BUNDLE_LOADER = "$(BUILT_PRODUCTS_DIR)/RottroMovies.app/RottroMovies";
				FRAMEWORK_SEARCH_PATHS = (
					"$(SDKROOT)/Developer/Library/Frameworks",
					"$(DEVELOPER_LIBRARY_DIR)/Frameworks",
				);
				GCC_PRECOMPILE_PREFIX_HEADER = YES;
				GCC_PREFIX_HEADER = "RottroMovies/RottroMovies-Prefix.pch";
				INFOPLIST_FILE = "RottroMoviesTests/RottroMoviesTests-Info.plist";
				PRODUCT_NAME = "$(TARGET_NAME)";
				TEST_HOST = "$(BUNDLE_LOADER)";
				WRAPPER_EXTENSION = octest;
			};
			name = Release;
		};
/* End XCBuildConfiguration section */

/* Begin XCConfigurationList section */
		289FE77B1511A116008E548B /* Build configuration list for PBXProject "RottroMovies" */ = {
			isa = XCConfigurationList;
			buildConfigurations = (
				289FE7AC1511A117008E548B /* Debug */,
				289FE7AD1511A117008E548B /* Release */,
			);
			defaultConfigurationIsVisible = 0;
			defaultConfigurationName = Release;
		};
		289FE7AE1511A117008E548B /* Build configuration list for PBXNativeTarget "RottroMovies" */ = {
			isa = XCConfigurationList;
			buildConfigurations = (
				289FE7AF1511A117008E548B /* Debug */,
				289FE7B01511A117008E548B /* Release */,
			);
			defaultConfigurationIsVisible = 0;
			defaultConfigurationName = Release;
		};
		289FE7B11511A117008E548B /* Build configuration list for PBXNativeTarget "RottroMoviesTests" */ = {
			isa = XCConfigurationList;
			buildConfigurations = (
				289FE7B21511A117008E548B /* Debug */,
				289FE7B31511A117008E548B /* Release */,
			);
			defaultConfigurationIsVisible = 0;
			defaultConfigurationName = Release;
		};
/* End XCConfigurationList section */

/* Begin XCVersionGroup section */
		283F59A4151647B8001D0576 /* Model.xcdatamodeld */ = {
			isa = XCVersionGroup;
			children = (
				283F59A5151647B8001D0576 /* Model.xcdatamodel */,
			);
			currentVersion = 283F59A5151647B8001D0576 /* Model.xcdatamodel */;
			path = Model.xcdatamodeld;
			sourceTree = "<group>";
			versionGroupType = wrapper.xcdatamodel;
		};
/* End XCVersionGroup section */
	};
	rootObject = 289FE7781511A116008E548B /* Project object */;
}
