// !$*UTF8*$!
{
	archiveVersion = 1;
	classes = {
	};
	objectVersion = 46;
	objects = {

/* Begin PBXBuildFile section */
		289FE7861511A117008E548B /* UIKit.framework in Frameworks */ = {isa = PBXBuildFile; fileRef = 289FE7851511A117008E548B /* UIKit.framework */; };
		289FE7881511A117008E548B /* Foundation.framework in Frameworks */ = {isa = PBXBuildFile; fileRef = 289FE7871511A117008E548B /* Foundation.framework */; };
		289FE78A1511A117008E548B /* CoreGraphics.framework in Frameworks */ = {isa = PBXBuildFile; fileRef = 289FE7891511A117008E548B /* CoreGraphics.framework */; };
		289FE7901511A117008E548B /* InfoPlist.strings in Resources */ = {isa = PBXBuildFile; fileRef = 289FE78E1511A117008E548B /* InfoPlist.strings */; };
		289FE7921511A117008E548B /* main.m in Sources */ = {isa = PBXBuildFile; fileRef = 289FE7911511A117008E548B /* main.m */; };
		289FE7961511A117008E548B /* AppDelegate.m in Sources */ = {isa = PBXBuildFile; fileRef = 289FE7951511A117008E548B /* AppDelegate.m */; };
		289FE79E1511A117008E548B /* SenTestingKit.framework in Frameworks */ = {isa = PBXBuildFile; fileRef = 289FE79D1511A117008E548B /* SenTestingKit.framework */; };
		289FE79F1511A117008E548B /* UIKit.framework in Frameworks */ = {isa = PBXBuildFile; fileRef = 289FE7851511A117008E548B /* UIKit.framework */; };
		289FE7A01511A117008E548B /* Foundation.framework in Frameworks */ = {isa = PBXBuildFile; fileRef = 289FE7871511A117008E548B /* Foundation.framework */; };
		289FE7A81511A117008E548B /* InfoPlist.strings in Resources */ = {isa = PBXBuildFile; fileRef = 289FE7A61511A117008E548B /* InfoPlist.strings */; };
		289FE7AB1511A117008E548B /* RottroMoviesTests.m in Sources */ = {isa = PBXBuildFile; fileRef = 289FE7AA1511A117008E548B /* RottroMoviesTests.m */; };
/* End PBXBuildFile section */

/* Begin PBXContainerItemProxy section */
		289FE7A11511A117008E548B /* PBXContainerItemProxy */ = {
			isa = PBXContainerItemProxy;
			containerPortal = 289FE7781511A116008E548B /* Project object */;
			proxyType = 1;
			remoteGlobalIDString = 289FE7801511A117008E548B;
			remoteInfo = RottroMovies;
		};
/* End PBXContainerItemProxy section */

/* Begin PBXFileReference section */
		289FE7811511A117008E548B /* RottroMovies.app */ = {isa = PBXFileReference; explicitFileType = wrapper.application; includeInIndex = 0; path = RottroMovies.app; sourceTree = BUILT_PRODUCTS_DIR; };
		289FE7851511A117008E548B /* UIKit.framework */ = {isa = PBXFileReference; lastKnownFileType = wrapper.framework; name = UIKit.framework; path = System/Library/Frameworks/UIKit.framework; sourceTree = SDKROOT; };
		289FE7871511A117008E548B /* Foundation.framework */ = {isa = PBXFileReference; lastKnownFileType = wrapper.framework; name = Foundation.framework; path = System/Library/Frameworks/Foundation.framework; sourceTree = SDKROOT; };
		289FE7891511A117008E548B /* CoreGraphics.framework */ = {isa = PBXFileReference; lastKnownFileType = wrapper.framework; name = CoreGraphics.framework; path = System/Library/Frameworks/CoreGraphics.framework; sourceTree = SDKROOT; };
		289FE78D1511A117008E548B /* RottroMovies-Info.plist */ = {isa = PBXFileReference; path = "RottroMovies-Info.plist"; sourceTree = "<group>"; };
		289FE78F1511A117008E548B /* en */ = {isa = PBXFileReference; lastKnownFileType = text.plist.strings; name = en; path = en.lproj/InfoPlist.strings; sourceTree = "<group>"; };
		289FE7911511A117008E548B /* main.m */ = {isa = PBXFileReference; lastKnownFileType = sourcecode.c.objc; path = main.m; sourceTree = "<group>"; };
		289FE7931511A117008E548B /* RottroMovies-Prefix.pch */ = {isa = PBXFileReference; path = "RottroMovies-Prefix.pch"; sourceTree = "<group>"; };
		289FE7941511A117008E548B /* AppDelegate.h */ = {isa = PBXFileReference; path = AppDelegate.h; sourceTree = "<group>"; };
		289FE7951511A117008E548B /* AppDelegate.m */ = {isa = PBXFileReference; lastKnownFileType = sourcecode.c.objc; path = AppDelegate.m; sourceTree = "<group>"; };
		289FE79C1511A117008E548B /* RottroMoviesTests.octest */ = {isa = PBXFileReference; explicitFileType = wrapper.cfbundle; includeInIndex = 0; path = RottroMoviesTests.octest; sourceTree = BUILT_PRODUCTS_DIR; };
		289FE79D1511A117008E548B /* SenTestingKit.framework */ = {isa = PBXFileReference; lastKnownFileType = wrapper.framework; name = SenTestingKit.framework; path = Library/Frameworks/SenTestingKit.framework; sourceTree = DEVELOPER_DIR; };
		289FE7A51511A117008E548B /* RottroMoviesTests-Info.plist */ = {isa = PBXFileReference; path = "RottroMoviesTests-Info.plist"; sourceTree = "<group>"; };
		289FE7A71511A117008E548B /* en */ = {isa = PBXFileReference; lastKnownFileType = text.plist.strings; name = en; path = en.lproj/InfoPlist.strings; sourceTree = "<group>"; };
		289FE7A91511A117008E548B /* RottroMoviesTests.h */ = {isa = PBXFileReference; path = RottroMoviesTests.h; sourceTree = "<group>"; };
		289FE7AA1511A117008E548B /* RottroMoviesTests.m */ = {isa = PBXFileReference; lastKnownFileType = sourcecode.c.objc; path = RottroMoviesTests.m; sourceTree = "<group>"; };
/* End PBXFileReference section */

/* Begin PBXFrameworksBuildPhase section */
		289FE77E1511A117008E548B /* Frameworks */ = {
			isa = PBXFrameworksBuildPhase;
			buildActionMask = 2147483647;
			files = (
				289FE7861511A117008E548B /* UIKit.framework in Frameworks */,
				289FE7881511A117008E548B /* Foundation.framework in Frameworks */,
				289FE78A1511A117008E548B /* CoreGraphics.framework in Frameworks */,
			);
			runOnlyForDeploymentPostprocessing = 0;
		};
		289FE7981511A117008E548B /* Frameworks */ = {
			isa = PBXFrameworksBuildPhase;
			buildActionMask = 2147483647;
			files = (
				289FE79E1511A117008E548B /* SenTestingKit.framework in Frameworks */,
				289FE79F1511A117008E548B /* UIKit.framework in Frameworks */,
				289FE7A01511A117008E548B /* Foundation.framework in Frameworks */,
			);
			runOnlyForDeploymentPostprocessing = 0;
		};
/* End PBXFrameworksBuildPhase section */

/* Begin PBXGroup section */
		289FE7761511A116008E548B = {
			isa = PBXGroup;
			children = (
				289FE78B1511A117008E548B /* RottroMovies */,
				289FE7A31511A117008E548B /* RottroMoviesTests */,
				289FE7841511A117008E548B /* Frameworks */,
				289FE7821511A117008E548B /* Products */,
			);
			sourceTree = "<group>";
		};
		289FE7821511A117008E548B /* Products */ = {
			isa = PBXGroup;
			children = (
				289FE7811511A117008E548B /* RottroMovies.app */,
				289FE79C1511A117008E548B /* RottroMoviesTests.octest */,
			);
			name = Products;
			sourceTree = "<group>";
		};
		289FE7841511A117008E548B /* Frameworks */ = {
			isa = PBXGroup;
			children = (
				289FE7851511A117008E548B /* UIKit.framework */,
				289FE7871511A117008E548B /* Foundation.framework */,
				289FE7891511A117008E548B /* CoreGraphics.framework */,
				289FE79D1511A117008E548B /* SenTestingKit.framework */,
			);
			name = Frameworks;
			sourceTree = "<group>";
		};
		289FE78B1511A117008E548B /* RottroMovies */ = {
			isa = PBXGroup;
			children = (
				289FE7941511A117008E548B /* AppDelegate.h */,
				289FE7951511A117008E548B /* AppDelegate.m */,
				289FE78C1511A117008E548B /* Supporting Files */,
			);
			path = RottroMovies;
			sourceTree = "<group>";
		};
		289FE78C1511A117008E548B /* Supporting Files */ = {
			isa = PBXGroup;
			children = (
				289FE78D1511A117008E548B /* RottroMovies-Info.plist */,
				289FE78E1511A117008E548B /* InfoPlist.strings */,
				289FE7911511A117008E548B /* main.m */,
				289FE7931511A117008E548B /* RottroMovies-Prefix.pch */,
			);
			name = "Supporting Files";
			sourceTree = "<group>";
		};
		289FE7A31511A117008E548B /* RottroMoviesTests */ = {
			isa = PBXGroup;
			children = (
				289FE7A91511A117008E548B /* RottroMoviesTests.h */,
				289FE7AA1511A117008E548B /* RottroMoviesTests.m */,
				289FE7A41511A117008E548B /* Supporting Files */,
			);
			path = RottroMoviesTests;
			sourceTree = "<group>";
		};
		289FE7A41511A117008E548B /* Supporting Files */ = {
			isa = PBXGroup;
			children = (
				289FE7A51511A117008E548B /* RottroMoviesTests-Info.plist */,
				289FE7A61511A117008E548B /* InfoPlist.strings */,
			);
			name = "Supporting Files";
			sourceTree = "<group>";
		};
/* End PBXGroup section */

/* Begin PBXNativeTarget section */
		289FE7801511A117008E548B /* RottroMovies */ = {
			isa = PBXNativeTarget;
			buildConfigurationList = 289FE7AE1511A117008E548B /* Build configuration list for PBXNativeTarget "RottroMovies" */;
			buildPhases = (
				289FE77D1511A117008E548B /* Sources */,
				289FE77E1511A117008E548B /* Frameworks */,
				289FE77F1511A117008E548B /* Resources */,
			);
			buildRules = (
			);
			dependencies = (
			);
			name = RottroMovies;
			productName = RottroMovies;
			productReference = 289FE7811511A117008E548B /* RottroMovies.app */;
			productType = "com.apple.product-type.application";
		};
		289FE79B1511A117008E548B /* RottroMoviesTests */ = {
			isa = PBXNativeTarget;
			buildConfigurationList = 289FE7B11511A117008E548B /* Build configuration list for PBXNativeTarget "RottroMoviesTests" */;
			buildPhases = (
				289FE7971511A117008E548B /* Sources */,
				289FE7981511A117008E548B /* Frameworks */,
				289FE7991511A117008E548B /* Resources */,
				289FE79A1511A117008E548B /* ShellScript */,
			);
			buildRules = (
			);
			dependencies = (
				289FE7A21511A117008E548B /* PBXTargetDependency */,
			);
			name = RottroMoviesTests;
			productName = RottroMoviesTests;
			productReference = 289FE79C1511A117008E548B /* RottroMoviesTests.octest */;
			productType = "com.apple.product-type.bundle";
		};
/* End PBXNativeTarget section */

/* Begin PBXProject section */
		289FE7781511A116008E548B /* Project object */ = {
			isa = PBXProject;
			attributes = {
				LastUpgradeCheck = 0430;
			};
			buildConfigurationList = 289FE77B1511A116008E548B /* Build configuration list for PBXProject "RottroMovies" */;
			compatibilityVersion = "Xcode 3.2";
			developmentRegion = English;
			hasScannedForEncodings = 0;
			knownRegions = (
				en,
			);
			mainGroup = 289FE7761511A116008E548B;
			productRefGroup = 289FE7821511A117008E548B /* Products */;
			projectDirPath = "";
			projectRoot = "";
			targets = (
				289FE7801511A117008E548B /* RottroMovies */,
				289FE79B1511A117008E548B /* RottroMoviesTests */,
			);
		};
/* End PBXProject section */

/* Begin PBXResourcesBuildPhase section */
		289FE77F1511A117008E548B /* Resources */ = {
			isa = PBXResourcesBuildPhase;
			buildActionMask = 2147483647;
			files = (
				289FE7901511A117008E548B /* InfoPlist.strings in Resources */,
			);
			runOnlyForDeploymentPostprocessing = 0;
		};
		289FE7991511A117008E548B /* Resources */ = {
			isa = PBXResourcesBuildPhase;
			buildActionMask = 2147483647;
			files = (
				289FE7A81511A117008E548B /* InfoPlist.strings in Resources */,
			);
			runOnlyForDeploymentPostprocessing = 0;
		};
/* End PBXResourcesBuildPhase section */

/* Begin PBXShellScriptBuildPhase section */
		289FE79A1511A117008E548B /* ShellScript */ = {
			isa = PBXShellScriptBuildPhase;
			buildActionMask = 2147483647;
			files = (
			);
			inputPaths = (
			);
			outputPaths = (
			);
			runOnlyForDeploymentPostprocessing = 0;
			shellPath = /bin/sh;
			shellScript = "# Run the unit tests in this test bundle.\n\"${SYSTEM_DEVELOPER_DIR}/Tools/RunUnitTests\"\n";
		};
/* End PBXShellScriptBuildPhase section */

/* Begin PBXSourcesBuildPhase section */
		289FE77D1511A117008E548B /* Sources */ = {
			isa = PBXSourcesBuildPhase;
			buildActionMask = 2147483647;
			files = (
				289FE7921511A117008E548B /* main.m in Sources */,
				289FE7961511A117008E548B /* AppDelegate.m in Sources */,
			);
			runOnlyForDeploymentPostprocessing = 0;
		};
		289FE7971511A117008E548B /* Sources */ = {
			isa = PBXSourcesBuildPhase;
			buildActionMask = 2147483647;
			files = (
				289FE7AB1511A117008E548B /* RottroMoviesTests.m in Sources */,
			);
			runOnlyForDeploymentPostprocessing = 0;
		};
/* End PBXSourcesBuildPhase section */

/* Begin PBXTargetDependency section */
		289FE7A21511A117008E548B /* PBXTargetDependency */ = {
			isa = PBXTargetDependency;
			target = 289FE7801511A117008E548B /* RottroMovies */;
			targetProxy = 289FE7A11511A117008E548B /* PBXContainerItemProxy */;
		};
/* End PBXTargetDependency section */

/* Begin PBXVariantGroup section */
		289FE78E1511A117008E548B /* InfoPlist.strings */ = {
			isa = PBXVariantGroup;
			children = (
				289FE78F1511A117008E548B /* en */,
			);
			name = InfoPlist.strings;
			sourceTree = "<group>";
		};
		289FE7A61511A117008E548B /* InfoPlist.strings */ = {
			isa = PBXVariantGroup;
			children = (
				289FE7A71511A117008E548B /* en */,
			);
			name = InfoPlist.strings;
			sourceTree = "<group>";
		};
/* End PBXVariantGroup section */

/* Begin XCBuildConfiguration section */
		289FE7AC1511A117008E548B /* Debug */ = {
			isa = XCBuildConfiguration;
			buildSettings = {
				ALWAYS_SEARCH_USER_PATHS = NO;
				ARCHS = "$(ARCHS_STANDARD_32_BIT)";
				"CODE_SIGN_IDENTITY[sdk=iphoneos*]" = "iPhone Developer";
				COPY_PHASE_STRIP = NO;
				GCC_C_LANGUAGE_STANDARD = gnu99;
				GCC_DYNAMIC_NO_PIC = NO;
				GCC_OPTIMIZATION_LEVEL = 0;
				GCC_PREPROCESSOR_DEFINITIONS = (
					"DEBUG=1",
					"$(inherited)",
				);
				GCC_SYMBOLS_PRIVATE_EXTERN = NO;
				GCC_VERSION = com.apple.compilers.llvm.clang.1_0;
				GCC_WARN_ABOUT_RETURN_TYPE = YES;
				GCC_WARN_UNINITIALIZED_AUTOS = YES;
				GCC_WARN_UNUSED_VARIABLE = YES;
				IPHONEOS_DEPLOYMENT_TARGET = 5.0;
				SDKROOT = iphoneos;
			};
			name = Debug;
		};
		289FE7AD1511A117008E548B /* Release */ = {
			isa = XCBuildConfiguration;
			buildSettings = {
				ALWAYS_SEARCH_USER_PATHS = NO;
				ARCHS = "$(ARCHS_STANDARD_32_BIT)";
				"CODE_SIGN_IDENTITY[sdk=iphoneos*]" = "iPhone Developer";
				COPY_PHASE_STRIP = YES;
				GCC_C_LANGUAGE_STANDARD = gnu99;
				GCC_VERSION = com.apple.compilers.llvm.clang.1_0;
				GCC_WARN_ABOUT_RETURN_TYPE = YES;
				GCC_WARN_UNINITIALIZED_AUTOS = YES;
				GCC_WARN_UNUSED_VARIABLE = YES;
				IPHONEOS_DEPLOYMENT_TARGET = 5.0;
				OTHER_CFLAGS = "-DNS_BLOCK_ASSERTIONS=1";
				SDKROOT = iphoneos;
				VALIDATE_PRODUCT = YES;
			};
			name = Release;
		};
		289FE7AF1511A117008E548B /* Debug */ = {
			isa = XCBuildConfiguration;
			buildSettings = {
				GCC_PRECOMPILE_PREFIX_HEADER = YES;
				GCC_PREFIX_HEADER = "RottroMovies/RottroMovies-Prefix.pch";
				INFOPLIST_FILE = "RottroMovies/RottroMovies-Info.plist";
				PRODUCT_NAME = "$(TARGET_NAME)";
				WRAPPER_EXTENSION = app;
			};
			name = Debug;
		};
		289FE7B01511A117008E548B /* Release */ = {
			isa = XCBuildConfiguration;
			buildSettings = {
				GCC_PRECOMPILE_PREFIX_HEADER = YES;
				GCC_PREFIX_HEADER = "RottroMovies/RottroMovies-Prefix.pch";
				INFOPLIST_FILE = "RottroMovies/RottroMovies-Info.plist";
				PRODUCT_NAME = "$(TARGET_NAME)";
				WRAPPER_EXTENSION = app;
			};
			name = Release;
		};
		289FE7B21511A117008E548B /* Debug */ = {
			isa = XCBuildConfiguration;
			buildSettings = {
				BUNDLE_LOADER = "$(BUILT_PRODUCTS_DIR)/RottroMovies.app/RottroMovies";
				FRAMEWORK_SEARCH_PATHS = (
					"$(SDKROOT)/Developer/Library/Frameworks",
					"$(DEVELOPER_LIBRARY_DIR)/Frameworks",
				);
				GCC_PRECOMPILE_PREFIX_HEADER = YES;
				GCC_PREFIX_HEADER = "RottroMovies/RottroMovies-Prefix.pch";
				INFOPLIST_FILE = "RottroMoviesTests/RottroMoviesTests-Info.plist";
				PRODUCT_NAME = "$(TARGET_NAME)";
				TEST_HOST = "$(BUNDLE_LOADER)";
				WRAPPER_EXTENSION = octest;
			};
			name = Debug;
		};
		289FE7B31511A117008E548B /* Release */ = {
			isa = XCBuildConfiguration;
			buildSettings = {
				BUNDLE_LOADER = "$(BUILT_PRODUCTS_DIR)/RottroMovies.app/RottroMovies";
				FRAMEWORK_SEARCH_PATHS = (
					"$(SDKROOT)/Developer/Library/Frameworks",
					"$(DEVELOPER_LIBRARY_DIR)/Frameworks",
				);
				GCC_PRECOMPILE_PREFIX_HEADER = YES;
				GCC_PREFIX_HEADER = "RottroMovies/RottroMovies-Prefix.pch";
				INFOPLIST_FILE = "RottroMoviesTests/RottroMoviesTests-Info.plist";
				PRODUCT_NAME = "$(TARGET_NAME)";
				TEST_HOST = "$(BUNDLE_LOADER)";
				WRAPPER_EXTENSION = octest;
			};
			name = Release;
		};
/* End XCBuildConfiguration section */

/* Begin XCConfigurationList section */
		289FE77B1511A116008E548B /* Build configuration list for PBXProject "RottroMovies" */ = {
			isa = XCConfigurationList;
			buildConfigurations = (
				289FE7AC1511A117008E548B /* Debug */,
				289FE7AD1511A117008E548B /* Release */,
			);
			defaultConfigurationIsVisible = 0;
			defaultConfigurationName = Release;
		};
		289FE7AE1511A117008E548B /* Build configuration list for PBXNativeTarget "RottroMovies" */ = {
			isa = XCConfigurationList;
			buildConfigurations = (
				289FE7AF1511A117008E548B /* Debug */,
				289FE7B01511A117008E548B /* Release */,
			);
			defaultConfigurationIsVisible = 0;
		};
		289FE7B11511A117008E548B /* Build configuration list for PBXNativeTarget "RottroMoviesTests" */ = {
			isa = XCConfigurationList;
			buildConfigurations = (
				289FE7B21511A117008E548B /* Debug */,
				289FE7B31511A117008E548B /* Release */,
			);
			defaultConfigurationIsVisible = 0;
		};
/* End XCConfigurationList section */
	};
	rootObject = 289FE7781511A116008E548B /* Project object */;
}
